version: 6
environments:
  default:
    channels:
    - url: https://fast.prefix.dev/conda-forge/
    packages:
      linux-64:
      - conda: https://conda.anaconda.org/conda-forge/linux-64/_libgcc_mutex-0.1-conda_forge.tar.bz2
      - conda: https://conda.anaconda.org/conda-forge/linux-64/_openmp_mutex-4.5-2_gnu.tar.bz2
      - conda: https://conda.anaconda.org/conda-forge/linux-64/attr-2.5.1-h166bdaf_1.tar.bz2
      - conda: https://conda.anaconda.org/conda-forge/linux-64/bzip2-1.0.8-h4bc722e_7.conda
      - conda: https://conda.anaconda.org/conda-forge/linux-64/dbus-1.13.6-h5008d03_3.tar.bz2
      - conda: https://conda.anaconda.org/conda-forge/linux-64/expat-2.6.4-h5888daf_0.conda
      - conda: https://conda.anaconda.org/conda-forge/linux-64/gettext-0.22.5-he02047a_3.conda
      - conda: https://conda.anaconda.org/conda-forge/linux-64/gettext-tools-0.22.5-he02047a_3.conda
      - conda: https://conda.anaconda.org/conda-forge/linux-64/lame-3.100-h166bdaf_1003.tar.bz2
      - conda: https://conda.anaconda.org/conda-forge/linux-64/libasprintf-0.22.5-he8f35ee_3.conda
      - conda: https://conda.anaconda.org/conda-forge/linux-64/libasprintf-devel-0.22.5-he8f35ee_3.conda
      - conda: https://conda.anaconda.org/conda-forge/linux-64/libcap-2.69-h0f662aa_0.conda
      - conda: https://conda.anaconda.org/conda-forge/linux-64/libexpat-2.6.4-h5888daf_0.conda
      - conda: https://conda.anaconda.org/conda-forge/linux-64/libffi-3.4.2-h7f98852_5.tar.bz2
      - conda: https://conda.anaconda.org/conda-forge/linux-64/libflac-1.4.3-h59595ed_0.conda
      - conda: https://conda.anaconda.org/conda-forge/linux-64/libgcc-14.2.0-h77fa898_1.conda
      - conda: https://conda.anaconda.org/conda-forge/linux-64/libgcc-ng-14.2.0-h69a702a_1.conda
      - conda: https://conda.anaconda.org/conda-forge/linux-64/libgcrypt-1.11.0-h4ab18f5_1.conda
      - conda: https://conda.anaconda.org/conda-forge/linux-64/libgettextpo-0.22.5-he02047a_3.conda
      - conda: https://conda.anaconda.org/conda-forge/linux-64/libgettextpo-devel-0.22.5-he02047a_3.conda
      - conda: https://conda.anaconda.org/conda-forge/linux-64/libglib-2.82.2-h2ff4ddf_0.conda
      - conda: https://conda.anaconda.org/conda-forge/linux-64/libgomp-14.2.0-h77fa898_1.conda
      - conda: https://conda.anaconda.org/conda-forge/linux-64/libgpg-error-1.51-hbd13f7d_1.conda
      - conda: https://conda.anaconda.org/conda-forge/linux-64/libiconv-1.17-hd590300_2.conda
      - conda: https://conda.anaconda.org/conda-forge/linux-64/libogg-1.3.5-h4ab18f5_0.conda
      - conda: https://conda.anaconda.org/conda-forge/linux-64/libopus-1.3.1-h7f98852_1.tar.bz2
      - conda: https://conda.anaconda.org/conda-forge/linux-64/libsndfile-1.2.2-hc60ed4a_1.conda
      - conda: https://conda.anaconda.org/conda-forge/linux-64/libstdcxx-14.2.0-hc0a3c3a_1.conda
      - conda: https://conda.anaconda.org/conda-forge/linux-64/libstdcxx-ng-14.2.0-h4852527_1.conda
      - conda: https://conda.anaconda.org/conda-forge/linux-64/libsystemd0-256.7-h2774228_1.conda
      - conda: https://conda.anaconda.org/conda-forge/linux-64/libvorbis-1.3.7-h9c3ff4c_0.tar.bz2
      - conda: https://conda.anaconda.org/conda-forge/linux-64/libxcb-1.17.0-h8a09558_0.conda
      - conda: https://conda.anaconda.org/conda-forge/linux-64/libzlib-1.3.1-hb9d3cd8_2.conda
      - conda: https://conda.anaconda.org/conda-forge/linux-64/lz4-c-1.9.4-hcb278e6_0.conda
      - conda: https://conda.anaconda.org/conda-forge/linux-64/mpg123-1.32.9-hc50e24c_0.conda
      - conda: https://conda.anaconda.org/conda-forge/linux-64/pcre2-10.44-hba22ea6_2.conda
      - conda: https://conda.anaconda.org/conda-forge/linux-64/pthread-stubs-0.4-hb9d3cd8_1002.conda
      - conda: https://conda.anaconda.org/conda-forge/linux-64/pulseaudio-client-17.0-hb77b528_0.conda
      - conda: https://conda.anaconda.org/conda-forge/linux-64/sdl2-2.30.7-h3ed165c_0.conda
      - conda: https://conda.anaconda.org/conda-forge/linux-64/xorg-libx11-1.8.10-h4f16b4b_0.conda
      - conda: https://conda.anaconda.org/conda-forge/linux-64/xorg-libxau-1.0.11-hb9d3cd8_1.conda
      - conda: https://conda.anaconda.org/conda-forge/linux-64/xorg-libxdmcp-1.1.5-hb9d3cd8_0.conda
      - conda: https://conda.anaconda.org/conda-forge/linux-64/xorg-libxext-1.3.6-hb9d3cd8_0.conda
      - conda: https://conda.anaconda.org/conda-forge/linux-64/xorg-xorgproto-2024.1-hb9d3cd8_1.conda
      - conda: https://conda.anaconda.org/conda-forge/linux-64/xz-5.2.6-h166bdaf_0.tar.bz2
      - conda: https://conda.anaconda.org/conda-forge/linux-64/zstd-1.5.6-ha6fb4c9_0.conda
      - conda: .
        subdir: linux-64
      osx-64:
      - conda: https://conda.anaconda.org/conda-forge/osx-64/libcxx-19.1.3-hf95d169_0.conda
      - conda: https://conda.anaconda.org/conda-forge/osx-64/sdl2-2.30.7-hac325c4_0.conda
      - conda: .
        subdir: osx-64
      osx-arm64:
      - conda: https://conda.anaconda.org/conda-forge/osx-arm64/libcxx-19.1.3-ha82da77_0.conda
      - conda: https://conda.anaconda.org/conda-forge/osx-arm64/sdl2-2.30.7-hf9b8971_0.conda
      - conda: .
        subdir: osx-arm64
      win-64:
      - conda: https://conda.anaconda.org/conda-forge/win-64/sdl2-2.30.7-he0c23c2_0.conda
      - conda: https://conda.anaconda.org/conda-forge/win-64/ucrt-10.0.22621.0-h57928b3_1.conda
      - conda: https://conda.anaconda.org/conda-forge/win-64/vc-14.3-ha32ba9b_23.conda
      - conda: https://conda.anaconda.org/conda-forge/win-64/vc14_runtime-14.42.34433-he29a5d6_23.conda
      - conda: .
        subdir: win-64
packages:
- conda: https://conda.anaconda.org/conda-forge/linux-64/_libgcc_mutex-0.1-conda_forge.tar.bz2
  sha256: fe51de6107f9edc7aa4f786a70f4a883943bc9d39b3bb7307c04c41410990726
  md5: d7c89558ba9fa0495403155b64376d81
  channel: https://fast.prefix.dev/conda-forge
  license: None
  size: 2562
  timestamp: 1578324546067
- conda: https://conda.anaconda.org/conda-forge/linux-64/_openmp_mutex-4.5-2_gnu.tar.bz2
  build_number: 16
  sha256: fbe2c5e56a653bebb982eda4876a9178aedfc2b545f25d0ce9c4c0b508253d22
  md5: 73aaf86a425cc6e73fcf236a5a46396d
  depends:
  - _libgcc_mutex 0.1 conda_forge
  - libgomp >=7.5.0
  constrains:
  - openmp_impl 9999
  channel: https://fast.prefix.dev/conda-forge
  license: BSD-3-Clause
  license_family: BSD
  size: 23621
  timestamp: 1650670423406
- conda: https://conda.anaconda.org/conda-forge/linux-64/attr-2.5.1-h166bdaf_1.tar.bz2
  sha256: 82c13b1772c21fc4a17441734de471d3aabf82b61db9b11f4a1bd04a9c4ac324
  md5: d9c69a24ad678ffce24c6543a0176b00
  depends:
  - libgcc-ng >=12
  channel: https://fast.prefix.dev/conda-forge
  license: GPL-2.0-or-later
  license_family: GPL
  size: 71042
  timestamp: 1660065501192
- conda: https://conda.anaconda.org/conda-forge/linux-64/bzip2-1.0.8-h4bc722e_7.conda
  sha256: 5ced96500d945fb286c9c838e54fa759aa04a7129c59800f0846b4335cee770d
  md5: 62ee74e96c5ebb0af99386de58cf9553
  depends:
  - __glibc >=2.17,<3.0.a0
  - libgcc-ng >=12
  channel: https://fast.prefix.dev/conda-forge
  license: bzip2-1.0.6
  license_family: BSD
  size: 252783
  timestamp: 1720974456583
- conda: https://conda.anaconda.org/conda-forge/linux-64/dbus-1.13.6-h5008d03_3.tar.bz2
  sha256: 8f5f995699a2d9dbdd62c61385bfeeb57c82a681a7c8c5313c395aa0ccab68a5
  md5: ecfff944ba3960ecb334b9a2663d708d
  depends:
  - expat >=2.4.2,<3.0a0
  - libgcc-ng >=9.4.0
  - libglib >=2.70.2,<3.0a0
  channel: https://fast.prefix.dev/conda-forge
  license: GPL-2.0-or-later
  license_family: GPL
  size: 618596
  timestamp: 1640112124844
- conda: https://conda.anaconda.org/conda-forge/linux-64/expat-2.6.4-h5888daf_0.conda
  sha256: 1848c7db9e264e3b8036ee133d570dd880422983cd20dd9585a505289606d276
  md5: 1d6afef758879ef5ee78127eb4cd2c4a
  depends:
  - __glibc >=2.17,<3.0.a0
  - libexpat 2.6.4 h5888daf_0
  - libgcc >=13
  channel: https://fast.prefix.dev/conda-forge
  license: MIT
  license_family: MIT
  size: 138145
  timestamp: 1730967050578
- conda: https://conda.anaconda.org/conda-forge/linux-64/gettext-0.22.5-he02047a_3.conda
  sha256: c3d9a453f523acbf2b3e1c82a42edfc7c7111b4686a2180ab48cb9b51a274218
  md5: c7f243bbaea97cd6ea1edd693270100e
  depends:
  - __glibc >=2.17,<3.0.a0
  - gettext-tools 0.22.5 he02047a_3
  - libasprintf 0.22.5 he8f35ee_3
  - libasprintf-devel 0.22.5 he8f35ee_3
  - libgcc-ng >=12
  - libgettextpo 0.22.5 he02047a_3
  - libgettextpo-devel 0.22.5 he02047a_3
  - libstdcxx-ng >=12
  channel: https://fast.prefix.dev/conda-forge
  license: LGPL-2.1-or-later AND GPL-3.0-or-later
  size: 479452
  timestamp: 1723626088190
- conda: https://conda.anaconda.org/conda-forge/linux-64/gettext-tools-0.22.5-he02047a_3.conda
  sha256: 0fd003953ce1ce9f4569458aab9ffaa397e3be2bc069250e2f05fd93b0ad2976
  md5: fcd2016d1d299f654f81021e27496818
  depends:
  - __glibc >=2.17,<3.0.a0
  - libgcc-ng >=12
  channel: https://fast.prefix.dev/conda-forge
  license: GPL-3.0-or-later
  license_family: GPL
  size: 2750908
  timestamp: 1723626056740
- conda: https://conda.anaconda.org/conda-forge/linux-64/lame-3.100-h166bdaf_1003.tar.bz2
  sha256: aad2a703b9d7b038c0f745b853c6bb5f122988fe1a7a096e0e606d9cbec4eaab
  md5: a8832b479f93521a9e7b5b743803be51
  depends:
  - libgcc-ng >=12
  channel: https://fast.prefix.dev/conda-forge
  license: LGPL-2.0-only
  license_family: LGPL
  size: 508258
  timestamp: 1664996250081
- conda: https://conda.anaconda.org/conda-forge/linux-64/libasprintf-0.22.5-he8f35ee_3.conda
  sha256: 2da5c735811cbf38c7f7844ab457ff8b25046bbf5fe5ebd5dc1c2fafdf4fbe1c
  md5: 4fab9799da9571266d05ca5503330655
  depends:
  - __glibc >=2.17,<3.0.a0
  - libgcc-ng >=12
  - libstdcxx-ng >=12
  channel: https://fast.prefix.dev/conda-forge
  license: LGPL-2.1-or-later
  size: 42817
  timestamp: 1723626012203
- conda: https://conda.anaconda.org/conda-forge/linux-64/libasprintf-devel-0.22.5-he8f35ee_3.conda
  sha256: ccc7967e298ddf3124c8ad9741c7180dc6f778ae4135ec87978214f7b3c64dc2
  md5: 1091193789bb830127ed067a9e01ac57
  depends:
  - __glibc >=2.17,<3.0.a0
  - libasprintf 0.22.5 he8f35ee_3
  - libgcc-ng >=12
  channel: https://fast.prefix.dev/conda-forge
  license: LGPL-2.1-or-later
  size: 34172
  timestamp: 1723626026096
- conda: https://conda.anaconda.org/conda-forge/linux-64/libcap-2.69-h0f662aa_0.conda
  sha256: 942f9564b4228609f017b6617425d29a74c43b8a030e12239fa4458e5cb6323c
  md5: 25cb5999faa414e5ccb2c1388f62d3d5
  depends:
  - attr >=2.5.1,<2.6.0a0
  - libgcc-ng >=12
  channel: https://fast.prefix.dev/conda-forge
  license: BSD-3-Clause
  license_family: BSD
  size: 100582
  timestamp: 1684162447012
- conda: https://conda.anaconda.org/conda-forge/osx-64/libcxx-19.1.3-hf95d169_0.conda
  sha256: 466f259bb13a8058fef28843977c090d21ad337b71a842ccc0407bccf8d27011
  md5: 86801fc56d4641e3ef7a63f5d996b960
  depends:
  - __osx >=10.13
  channel: https://fast.prefix.dev/conda-forge
  license: Apache-2.0 WITH LLVM-exception
  license_family: Apache
  size: 528991
  timestamp: 1730314340106
- conda: https://conda.anaconda.org/conda-forge/osx-arm64/libcxx-19.1.3-ha82da77_0.conda
  sha256: 6d062760c6439e75b9a44d800d89aff60fe3441998d87506c62dc94c50412ef4
  md5: bf691071fba4734984231617783225bc
  depends:
  - __osx >=11.0
  channel: https://fast.prefix.dev/conda-forge
  license: Apache-2.0 WITH LLVM-exception
  license_family: Apache
  size: 520771
  timestamp: 1730314603920
- conda: https://conda.anaconda.org/conda-forge/linux-64/libexpat-2.6.4-h5888daf_0.conda
  sha256: 56541b98447b58e52d824bd59d6382d609e11de1f8adf20b23143e353d2b8d26
  md5: db833e03127376d461e1e13e76f09b6c
  depends:
  - __glibc >=2.17,<3.0.a0
  - libgcc >=13
  constrains:
  - expat 2.6.4.*
  channel: https://fast.prefix.dev/conda-forge
  license: MIT
  license_family: MIT
  size: 73304
  timestamp: 1730967041968
- conda: https://conda.anaconda.org/conda-forge/linux-64/libffi-3.4.2-h7f98852_5.tar.bz2
  sha256: ab6e9856c21709b7b517e940ae7028ae0737546122f83c2aa5d692860c3b149e
  md5: d645c6d2ac96843a2bfaccd2d62b3ac3
  depends:
  - libgcc-ng >=9.4.0
  channel: https://fast.prefix.dev/conda-forge
  license: MIT
  license_family: MIT
  size: 58292
  timestamp: 1636488182923
- conda: https://conda.anaconda.org/conda-forge/linux-64/libflac-1.4.3-h59595ed_0.conda
  sha256: 65908b75fa7003167b8a8f0001e11e58ed5b1ef5e98b96ab2ba66d7c1b822c7d
  md5: ee48bf17cc83a00f59ca1494d5646869
  depends:
  - gettext >=0.21.1,<1.0a0
  - libgcc-ng >=12
  - libogg 1.3.*
  - libogg >=1.3.4,<1.4.0a0
  - libstdcxx-ng >=12
  channel: https://fast.prefix.dev/conda-forge
  license: BSD-3-Clause
  license_family: BSD
  size: 394383
  timestamp: 1687765514062
- conda: https://conda.anaconda.org/conda-forge/linux-64/libgcc-14.2.0-h77fa898_1.conda
  sha256: 53eb8a79365e58849e7b1a068d31f4f9e718dc938d6f2c03e960345739a03569
  md5: 3cb76c3f10d3bc7f1105b2fc9db984df
  depends:
  - _libgcc_mutex 0.1 conda_forge
  - _openmp_mutex >=4.5
  constrains:
  - libgomp 14.2.0 h77fa898_1
  - libgcc-ng ==14.2.0=*_1
  channel: https://fast.prefix.dev/conda-forge
  license: GPL-3.0-only WITH GCC-exception-3.1
  license_family: GPL
  size: 848745
  timestamp: 1729027721139
- conda: https://conda.anaconda.org/conda-forge/linux-64/libgcc-ng-14.2.0-h69a702a_1.conda
  sha256: 3a76969c80e9af8b6e7a55090088bc41da4cffcde9e2c71b17f44d37b7cb87f7
  md5: e39480b9ca41323497b05492a63bc35b
  depends:
  - libgcc 14.2.0 h77fa898_1
  channel: https://fast.prefix.dev/conda-forge
  license: GPL-3.0-only WITH GCC-exception-3.1
  license_family: GPL
  size: 54142
  timestamp: 1729027726517
- conda: https://conda.anaconda.org/conda-forge/linux-64/libgcrypt-1.11.0-h4ab18f5_1.conda
  sha256: 9e97e4a753d2ee238cfc7375f0882830f0d8c1667431bc9d070a0f6718355570
  md5: 14858a47d4cc995892e79f2b340682d7
  depends:
  - libgcc-ng >=12
  - libgpg-error >=1.50,<2.0a0
  channel: https://fast.prefix.dev/conda-forge
  license: LGPL-2.1-or-later AND GPL-2.0-or-later
  license_family: GPL
  size: 684307
  timestamp: 1721392291497
- conda: https://conda.anaconda.org/conda-forge/linux-64/libgettextpo-0.22.5-he02047a_3.conda
  sha256: 7f2d1f4d69973e2c3c3d2b6420d5eb989982baba97d63ab2d7a2b25a92d886b4
  md5: efab66b82ec976930b96d62a976de8e7
  depends:
  - __glibc >=2.17,<3.0.a0
  - libgcc-ng >=12
  channel: https://fast.prefix.dev/conda-forge
  license: GPL-3.0-or-later
  license_family: GPL
  size: 170646
  timestamp: 1723626019265
- conda: https://conda.anaconda.org/conda-forge/linux-64/libgettextpo-devel-0.22.5-he02047a_3.conda
  sha256: 0a66cdd46d1cd5201061252535cd91905b3222328a9294c1a5bcd32e85531545
  md5: 9aba7960731e6b4547b3a52f812ed801
  depends:
  - __glibc >=2.17,<3.0.a0
  - libgcc-ng >=12
  - libgettextpo 0.22.5 he02047a_3
  channel: https://fast.prefix.dev/conda-forge
  license: GPL-3.0-or-later
  license_family: GPL
  size: 36790
  timestamp: 1723626032786
- conda: https://conda.anaconda.org/conda-forge/linux-64/libglib-2.82.2-h2ff4ddf_0.conda
  sha256: 49ee9401d483a76423461c50dcd37f91d070efaec7e4dc2828d8cdd2ce694231
  md5: 13e8e54035ddd2b91875ba399f0f7c04
  depends:
  - __glibc >=2.17,<3.0.a0
  - libffi >=3.4,<4.0a0
  - libgcc >=13
  - libiconv >=1.17,<2.0a0
  - libzlib >=1.3.1,<2.0a0
  - pcre2 >=10.44,<10.45.0a0
  constrains:
  - glib 2.82.2 *_0
  channel: https://fast.prefix.dev/conda-forge
  license: LGPL-2.1-or-later
  size: 3931898
  timestamp: 1729191404130
- conda: https://conda.anaconda.org/conda-forge/linux-64/libgomp-14.2.0-h77fa898_1.conda
  sha256: 1911c29975ec99b6b906904040c855772ccb265a1c79d5d75c8ceec4ed89cd63
  md5: cc3573974587f12dda90d96e3e55a702
  depends:
  - _libgcc_mutex 0.1 conda_forge
  channel: https://fast.prefix.dev/conda-forge
  license: GPL-3.0-only WITH GCC-exception-3.1
  license_family: GPL
  size: 460992
  timestamp: 1729027639220
- conda: https://conda.anaconda.org/conda-forge/linux-64/libgpg-error-1.51-hbd13f7d_1.conda
  sha256: 9e0c09c1faf2151ade3ccb64e52d3c1f2dde85c00e37c6a3e6a8bced2aba68be
  md5: 168cc19c031482f83b23c4eebbb94e26
  depends:
  - __glibc >=2.17,<3.0.a0
  - libgcc >=13
  - libstdcxx >=13
  channel: https://fast.prefix.dev/conda-forge
  license: LGPL-2.1-only
  license_family: GPL
  size: 268740
  timestamp: 1731920927644
- conda: https://conda.anaconda.org/conda-forge/linux-64/libiconv-1.17-hd590300_2.conda
  sha256: 8ac2f6a9f186e76539439e50505d98581472fedb347a20e7d1f36429849f05c9
  md5: d66573916ffcf376178462f1b61c941e
  depends:
  - libgcc-ng >=12
  channel: https://fast.prefix.dev/conda-forge
  license: LGPL-2.1-only
  size: 705775
  timestamp: 1702682170569
- conda: https://conda.anaconda.org/conda-forge/linux-64/libogg-1.3.5-h4ab18f5_0.conda
  sha256: 5eda3fe92b99b25dd4737226a9485078ab405672d9f621be75edcb68f1e9026d
  md5: 601bfb4b3c6f0b844443bb81a56651e0
  depends:
  - libgcc-ng >=12
  channel: https://fast.prefix.dev/conda-forge
  license: BSD-3-Clause
  license_family: BSD
  size: 205914
  timestamp: 1719301575771
- conda: https://conda.anaconda.org/conda-forge/linux-64/libopus-1.3.1-h7f98852_1.tar.bz2
  sha256: 0e1c2740ebd1c93226dc5387461bbcf8142c518f2092f3ea7551f77755decc8f
  md5: 15345e56d527b330e1cacbdf58676e8f
  depends:
  - libgcc-ng >=9.3.0
  channel: https://fast.prefix.dev/conda-forge
  license: BSD-3-Clause
  license_family: BSD
  size: 260658
  timestamp: 1606823578035
- conda: https://conda.anaconda.org/conda-forge/linux-64/libsndfile-1.2.2-hc60ed4a_1.conda
  sha256: f709cbede3d4f3aee4e2f8d60bd9e256057f410bd60b8964cb8cf82ec1457573
  md5: ef1910918dd895516a769ed36b5b3a4e
  depends:
  - lame >=3.100,<3.101.0a0
  - libflac >=1.4.3,<1.5.0a0
  - libgcc-ng >=12
  - libogg >=1.3.4,<1.4.0a0
  - libopus >=1.3.1,<2.0a0
  - libstdcxx-ng >=12
  - libvorbis >=1.3.7,<1.4.0a0
  - mpg123 >=1.32.1,<1.33.0a0
  channel: https://fast.prefix.dev/conda-forge
  license: LGPL-2.1-or-later
  license_family: LGPL
  size: 354372
  timestamp: 1695747735668
- conda: https://conda.anaconda.org/conda-forge/linux-64/libstdcxx-14.2.0-hc0a3c3a_1.conda
  sha256: 4661af0eb9bdcbb5fb33e5d0023b001ad4be828fccdcc56500059d56f9869462
  md5: 234a5554c53625688d51062645337328
  depends:
  - libgcc 14.2.0 h77fa898_1
  channel: https://fast.prefix.dev/conda-forge
  license: GPL-3.0-only WITH GCC-exception-3.1
  license_family: GPL
  size: 3893695
  timestamp: 1729027746910
- conda: https://conda.anaconda.org/conda-forge/linux-64/libstdcxx-ng-14.2.0-h4852527_1.conda
  sha256: 25bb30b827d4f6d6f0522cc0579e431695503822f144043b93c50237017fffd8
  md5: 8371ac6457591af2cf6159439c1fd051
  depends:
  - libstdcxx 14.2.0 hc0a3c3a_1
  channel: https://fast.prefix.dev/conda-forge
  license: GPL-3.0-only WITH GCC-exception-3.1
  license_family: GPL
  size: 54105
  timestamp: 1729027780628
- conda: https://conda.anaconda.org/conda-forge/linux-64/libsystemd0-256.7-h2774228_1.conda
  sha256: fa9cfbacaa2f14072b07ff9c832a8750627755346a1472f116a94aecea28f08e
  md5: ad328c530a12a8798776e5f03942090f
  depends:
  - __glibc >=2.17,<3.0.a0
  - libcap >=2.69,<2.70.0a0
  - libgcc >=13
  - libgcrypt >=1.11.0,<2.0a0
  - lz4-c >=1.9.3,<1.10.0a0
  - xz >=5.2.6,<6.0a0
  - zstd >=1.5.6,<1.6.0a0
  channel: https://fast.prefix.dev/conda-forge
  license: LGPL-2.1-or-later
  size: 411535
  timestamp: 1729786797378
- conda: https://conda.anaconda.org/conda-forge/linux-64/libvorbis-1.3.7-h9c3ff4c_0.tar.bz2
  sha256: 53080d72388a57b3c31ad5805c93a7328e46ff22fab7c44ad2a86d712740af33
  md5: 309dec04b70a3cc0f1e84a4013683bc0
  depends:
  - libgcc-ng >=9.3.0
  - libogg >=1.3.4,<1.4.0a0
  - libstdcxx-ng >=9.3.0
  channel: https://fast.prefix.dev/conda-forge
  license: BSD-3-Clause
  license_family: BSD
  size: 286280
  timestamp: 1610609811627
- conda: https://conda.anaconda.org/conda-forge/linux-64/libxcb-1.17.0-h8a09558_0.conda
  sha256: 666c0c431b23c6cec6e492840b176dde533d48b7e6fb8883f5071223433776aa
  md5: 92ed62436b625154323d40d5f2f11dd7
  depends:
  - __glibc >=2.17,<3.0.a0
  - libgcc >=13
  - pthread-stubs
  - xorg-libxau >=1.0.11,<2.0a0
  - xorg-libxdmcp
  channel: https://fast.prefix.dev/conda-forge
  license: MIT
  license_family: MIT
  size: 395888
  timestamp: 1727278577118
- conda: https://conda.anaconda.org/conda-forge/linux-64/libzlib-1.3.1-hb9d3cd8_2.conda
  sha256: d4bfe88d7cb447768e31650f06257995601f89076080e76df55e3112d4e47dc4
  md5: edb0dca6bc32e4f4789199455a1dbeb8
  depends:
  - __glibc >=2.17,<3.0.a0
  - libgcc >=13
  constrains:
  - zlib 1.3.1 *_2
  channel: https://fast.prefix.dev/conda-forge
  license: Zlib
  license_family: Other
  size: 60963
  timestamp: 1727963148474
- conda: https://conda.anaconda.org/conda-forge/linux-64/lz4-c-1.9.4-hcb278e6_0.conda
  sha256: 1b4c105a887f9b2041219d57036f72c4739ab9e9fe5a1486f094e58c76b31f5f
  md5: 318b08df404f9c9be5712aaa5a6f0bb0
  depends:
  - libgcc-ng >=12
  - libstdcxx-ng >=12
  channel: https://fast.prefix.dev/conda-forge
  license: BSD-2-Clause
  license_family: BSD
  size: 143402
  timestamp: 1674727076728
- conda: https://conda.anaconda.org/conda-forge/linux-64/mpg123-1.32.9-hc50e24c_0.conda
  sha256: 39c4700fb3fbe403a77d8cc27352fa72ba744db487559d5d44bf8411bb4ea200
  md5: c7f302fd11eeb0987a6a5e1f3aed6a21
  depends:
  - __glibc >=2.17,<3.0.a0
  - libgcc >=13
  - libstdcxx >=13
  channel: https://fast.prefix.dev/conda-forge
  license: LGPL-2.1-only
  license_family: LGPL
  size: 491140
  timestamp: 1730581373280
- conda: https://conda.anaconda.org/conda-forge/linux-64/pcre2-10.44-hba22ea6_2.conda
  sha256: 1087716b399dab91cc9511d6499036ccdc53eb29a288bebcb19cf465c51d7c0d
  md5: df359c09c41cd186fffb93a2d87aa6f5
  depends:
  - __glibc >=2.17,<3.0.a0
  - bzip2 >=1.0.8,<2.0a0
  - libgcc-ng >=12
  - libzlib >=1.3.1,<2.0a0
  channel: https://fast.prefix.dev/conda-forge
  license: BSD-3-Clause
  license_family: BSD
  size: 952308
  timestamp: 1723488734144
- conda: https://conda.anaconda.org/conda-forge/linux-64/pthread-stubs-0.4-hb9d3cd8_1002.conda
  sha256: 9c88f8c64590e9567c6c80823f0328e58d3b1efb0e1c539c0315ceca764e0973
  md5: b3c17d95b5a10c6e64a21fa17573e70e
  depends:
  - __glibc >=2.17,<3.0.a0
  - libgcc >=13
  channel: https://fast.prefix.dev/conda-forge
  license: MIT
  license_family: MIT
  size: 8252
  timestamp: 1726802366959
- conda: https://conda.anaconda.org/conda-forge/linux-64/pulseaudio-client-17.0-hb77b528_0.conda
  sha256: b27c0c8671bd95c205a61aeeac807c095b60bc76eb5021863f919036d7a964fc
  md5: 07f45f1be1c25345faddb8db0de8039b
  depends:
  - dbus >=1.13.6,<2.0a0
  - libgcc-ng >=12
  - libglib >=2.78.3,<3.0a0
  - libsndfile >=1.2.2,<1.3.0a0
  - libsystemd0 >=255
  constrains:
  - pulseaudio 17.0 *_0
  channel: https://fast.prefix.dev/conda-forge
  license: LGPL-2.1-or-later
  license_family: LGPL
  size: 757633
  timestamp: 1705690081905
- conda: https://conda.anaconda.org/conda-forge/linux-64/sdl2-2.30.7-h3ed165c_0.conda
  sha256: 80691a3ce313f0f7908480c0af216520d655e9480e036feb489c2095ad37950a
  md5: be75875082c99c7a9f9fe930a1bd2bb1
  depends:
  - __glibc >=2.17,<3.0.a0
  - libgcc >=13
  - libstdcxx >=13
  - pulseaudio-client >=17.0,<17.1.0a0
  - xorg-libx11 >=1.8.9,<2.0a0
  - xorg-libxext >=1.3.4,<2.0a0
  channel: https://fast.prefix.dev/conda-forge
  license: Zlib
  size: 1391142
  timestamp: 1725255009793
- conda: https://conda.anaconda.org/conda-forge/osx-64/sdl2-2.30.7-hac325c4_0.conda
  sha256: b2785777b22ff8a883210f81c4e6a14f0c4f4ab83595ddef6f0d8560fa4ecc0a
  md5: 9e4fe70a7b62b7c82a06bfd5b5af48e1
  depends:
  - __osx >=10.13
  - libcxx >=17
  channel: https://fast.prefix.dev/conda-forge
  license: Zlib
  size: 1232457
  timestamp: 1725255027620
- conda: https://conda.anaconda.org/conda-forge/osx-arm64/sdl2-2.30.7-hf9b8971_0.conda
  sha256: d86b4f39c09efb6febd5e2e5a2c0894c82f7ac4b8b4aebb24e4fbd9acf797d60
  md5: 33f5451441cbc0ce083b3d37c181519e
  depends:
  - __osx >=11.0
  - libcxx >=17
  channel: https://fast.prefix.dev/conda-forge
  license: Zlib
  size: 1256184
  timestamp: 1725254933792
- conda: https://conda.anaconda.org/conda-forge/win-64/sdl2-2.30.7-he0c23c2_0.conda
  sha256: bf850eba90ff5103c2a92d3ab0395edd078b7c95cbabc4254462d9bea7850c48
  md5: e452497e0b9824c0be7f6670adbabc63
  depends:
  - ucrt >=10.0.20348.0
  - vc >=14.2,<15
  - vc14_runtime >=14.29.30139
  channel: https://fast.prefix.dev/conda-forge
  license: Zlib
  size: 2243873
  timestamp: 1725255268158
- conda: .
  name: sdl_example
  version: 0.1.0
  build: hbf21a9e_0
  subdir: linux-64
  depends:
  - libstdcxx >=14
  - libgcc >=14
  - sdl2 >=2.30.7,<3.0a0
  input:
    hash: e44e13c9ff79a4d053aa32b2bf2d5cea26b3a0337a6a6ca357eb87f27a11b2c2
    globs:
    - pixi.toml
- conda: .
  name: sdl_example
  version: 0.1.0
  build: hbf21a9e_0
  subdir: osx-64
  depends:
  - libcxx >=19
  - sdl2 >=2.30.7,<3.0a0
  input:
    hash: e44e13c9ff79a4d053aa32b2bf2d5cea26b3a0337a6a6ca357eb87f27a11b2c2
    globs:
    - pixi.toml
- conda: .
  name: sdl_example
  version: 0.1.0
  build: hbf21a9e_0
  subdir: osx-arm64
  depends:
  - libcxx >=19
  - sdl2 >=2.30.7,<3.0a0
  input:
    hash: e44e13c9ff79a4d053aa32b2bf2d5cea26b3a0337a6a6ca357eb87f27a11b2c2
    globs:
    - pixi.toml
- conda: .
  name: sdl_example
  version: 0.1.0
  build: hbf21a9e_0
  subdir: win-64
  depends:
  - vc >=14.1,<15
  - vc14_runtime >=14.16.27033
  - sdl2 >=2.30.7,<3.0a0
  input:
    hash: e44e13c9ff79a4d053aa32b2bf2d5cea26b3a0337a6a6ca357eb87f27a11b2c2
    globs:
    - pixi.toml
- conda: https://conda.anaconda.org/conda-forge/win-64/ucrt-10.0.22621.0-h57928b3_1.conda
  sha256: db8dead3dd30fb1a032737554ce91e2819b43496a0db09927edf01c32b577450
  md5: 6797b005cd0f439c4c5c9ac565783700
  constrains:
  - vs2015_runtime >=14.29.30037
  channel: https://fast.prefix.dev/conda-forge
  license: LicenseRef-MicrosoftWindowsSDK10
  size: 559710
  timestamp: 1728377334097
- conda: https://conda.anaconda.org/conda-forge/win-64/vc-14.3-ha32ba9b_23.conda
  sha256: 986ddaf8feec2904eac9535a7ddb7acda1a1dfb9482088fdb8129f1595181663
  md5: 7c10ec3158d1eb4ddff7007c9101adb0
  depends:
  - vc14_runtime >=14.38.33135
  channel: https://fast.prefix.dev/conda-forge
  track_features:
  - vc14
  license: BSD-3-Clause
  license_family: BSD
  size: 17479
  timestamp: 1731710827215
- conda: https://conda.anaconda.org/conda-forge/win-64/vc14_runtime-14.42.34433-he29a5d6_23.conda
  sha256: c483b090c4251a260aba6ff3e83a307bcfb5fb24ad7ced872ab5d02971bd3a49
  md5: 32b37d0cfa80da34548501cdc913a832
  depends:
  - ucrt >=10.0.20348.0
  constrains:
  - vs2015_runtime 14.42.34433.* *_23
  channel: https://fast.prefix.dev/conda-forge
  license: LicenseRef-MicrosoftVisualCpp2015-2022Runtime
  license_family: Proprietary
  size: 754247
  timestamp: 1731710681163
- conda: https://conda.anaconda.org/conda-forge/linux-64/xorg-libx11-1.8.10-h4f16b4b_0.conda
  sha256: c4650634607864630fb03696474a0535f6fce5fda7d81a6462346e071b53dfa7
  md5: 0b666058a179b744a622d0a4a0c56353
  depends:
  - __glibc >=2.17,<3.0.a0
  - libgcc >=13
  - libxcb >=1.17.0,<2.0a0
  - xorg-xorgproto
  channel: https://fast.prefix.dev/conda-forge
  license: MIT
  license_family: MIT
  size: 838308
  timestamp: 1727356837875
- conda: https://conda.anaconda.org/conda-forge/linux-64/xorg-libxau-1.0.11-hb9d3cd8_1.conda
  sha256: 532a046fee0b3a402db867b6ec55c84ba4cdedb91d817147c8feeae9766be3d6
  md5: 77cbc488235ebbaab2b6e912d3934bae
  depends:
  - __glibc >=2.17,<3.0.a0
  - libgcc >=13
  channel: https://fast.prefix.dev/conda-forge
  license: MIT
  license_family: MIT
  size: 14679
  timestamp: 1727034741045
- conda: https://conda.anaconda.org/conda-forge/linux-64/xorg-libxdmcp-1.1.5-hb9d3cd8_0.conda
  sha256: 6b250f3e59db07c2514057944a3ea2044d6a8cdde8a47b6497c254520fade1ee
  md5: 8035c64cb77ed555e3f150b7b3972480
  depends:
  - __glibc >=2.17,<3.0.a0
  - libgcc >=13
  channel: https://fast.prefix.dev/conda-forge
  license: MIT
  license_family: MIT
  size: 19901
  timestamp: 1727794976192
- conda: https://conda.anaconda.org/conda-forge/linux-64/xorg-libxext-1.3.6-hb9d3cd8_0.conda
  sha256: da5dc921c017c05f38a38bd75245017463104457b63a1ce633ed41f214159c14
  md5: febbab7d15033c913d53c7a2c102309d
  depends:
  - __glibc >=2.17,<3.0.a0
  - libgcc >=13
  - xorg-libx11 >=1.8.10,<2.0a0
  channel: https://fast.prefix.dev/conda-forge
  license: MIT
  license_family: MIT
  size: 50060
  timestamp: 1727752228921
- conda: https://conda.anaconda.org/conda-forge/linux-64/xorg-xorgproto-2024.1-hb9d3cd8_1.conda
  sha256: 1316680be6edddee0156b86ec1102fc8286f51c1a5440366ed1db596a2dc3731
  md5: 7c21106b851ec72c037b162c216d8f05
  depends:
  - __glibc >=2.17,<3.0.a0
  - libgcc >=13
  channel: https://fast.prefix.dev/conda-forge
  license: MIT
  license_family: MIT
  size: 565425
  timestamp: 1726846388217
- conda: https://conda.anaconda.org/conda-forge/linux-64/xz-5.2.6-h166bdaf_0.tar.bz2
  sha256: 03a6d28ded42af8a347345f82f3eebdd6807a08526d47899a42d62d319609162
  md5: 2161070d867d1b1204ea749c8eec4ef0
  depends:
  - libgcc-ng >=12
  channel: https://fast.prefix.dev/conda-forge
  license: LGPL-2.1 and GPL-2.0
  size: 418368
  timestamp: 1660346797927
- conda: https://conda.anaconda.org/conda-forge/linux-64/zstd-1.5.6-ha6fb4c9_0.conda
  sha256: c558b9cc01d9c1444031bd1ce4b9cff86f9085765f17627a6cd85fc623c8a02b
  md5: 4d056880988120e29d75bfff282e0f45
  depends:
  - libgcc-ng >=12
  - libstdcxx-ng >=12
  - libzlib >=1.2.13,<2.0.0a0
  channel: https://fast.prefix.dev/conda-forge
  license: BSD-3-Clause
  license_family: BSD
  size: 554846
  timestamp: 1714722996770
