metadata:
  content_hash:
    win-64: '"e90c2ee71ad70fc0a1c8302029533a7d1498f2bffcd0eaa8d2934700e775dc1d"'
  channels:
  - url: https://conda.anaconda.org/conda-forge/
    used_env_vars: []
  platforms:
  - win-64
  sources: []
  time_metadata: null
  git_metadata: null
  inputs_metadata: null
  custom_metadata: null
package: []
version: 1
