version: 3
metadata:
  content_hash:
    linux-64: e90c2ee71ad70fc0a1c8302029533a7d1498f2bffcd0eaa8d2934700e775dc1d
    osx-64: e90c2ee71ad70fc0a1c8302029533a7d1498f2bffcd0eaa8d2934700e775dc1d
    osx-arm64: e90c2ee71ad70fc0a1c8302029533a7d1498f2bffcd0eaa8d2934700e775dc1d
    win-64: e90c2ee71ad70fc0a1c8302029533a7d1498f2bffcd0eaa8d2934700e775dc1d
  channels:
  - url: https://conda.anaconda.org/conda-forge/
    used_env_vars: []
  platforms:
  - linux-64
  - osx-64
  - osx-arm64
  - win-64
  sources: []
  time_metadata: null
  git_metadata: null
  inputs_metadata: null
  custom_metadata: null
package:
- platform: linux-64
  name: _libgcc_mutex
  version: '0.1'
  category: main
  manager: conda
  dependencies: []
  url: https://conda.anaconda.org/conda-forge/linux-64/_libgcc_mutex-0.1-conda_forge.tar.bz2
  hash:
    md5: d7c89558ba9fa0495403155b64376d81
    sha256: fe51de6107f9edc7aa4f786a70f4a883943bc9d39b3bb7307c04c41410990726
  build: conda_forge
  arch: x86_64
  subdir: linux-64
  build_number: 0
  license: None
  size: 2562
  timestamp: 1578324546067
- platform: linux-64
  name: _openmp_mutex
  version: '4.5'
  category: main
  manager: conda
  dependencies:
  - _libgcc_mutex 0.1 conda_forge
  - libgomp >=7.5.0
  url: https://conda.anaconda.org/conda-forge/linux-64/_openmp_mutex-4.5-2_gnu.tar.bz2
  hash:
    md5: 73aaf86a425cc6e73fcf236a5a46396d
    sha256: fbe2c5e56a653bebb982eda4876a9178aedfc2b545f25d0ce9c4c0b508253d22
  build: 2_gnu
  arch: x86_64
  subdir: linux-64
  build_number: 16
  constrains:
  - openmp_impl 9999
  license: BSD-3-Clause
  license_family: BSD
  size: 23621
  timestamp: 1650670423406
- platform: linux-64
  name: bzip2
  version: 1.0.8
  category: main
  manager: conda
  dependencies:
  - libgcc-ng >=12
  url: https://conda.anaconda.org/conda-forge/linux-64/bzip2-1.0.8-hd590300_5.conda
  hash:
    md5: 69b8b6202a07720f448be700e300ccf4
    sha256: 242c0c324507ee172c0e0dd2045814e746bb303d1eb78870d182ceb0abc726a8
  build: hd590300_5
  arch: x86_64
  subdir: linux-64
  build_number: 5
  license: bzip2-1.0.6
  license_family: BSD
  size: 254228
  timestamp: 1699279927352
- platform: osx-64
  name: bzip2
  version: 1.0.8
  category: main
  manager: conda
  dependencies: []
  url: https://conda.anaconda.org/conda-forge/osx-64/bzip2-1.0.8-h10d778d_5.conda
  hash:
    md5: 6097a6ca9ada32699b5fc4312dd6ef18
    sha256: 61fb2b488928a54d9472113e1280b468a309561caa54f33825a3593da390b242
  build: h10d778d_5
  arch: x86_64
  subdir: osx-64
  build_number: 5
  license: bzip2-1.0.6
  license_family: BSD
  size: 127885
  timestamp: 1699280178474
- platform: osx-arm64
  name: bzip2
  version: 1.0.8
  category: main
  manager: conda
  dependencies: []
  url: https://conda.anaconda.org/conda-forge/osx-arm64/bzip2-1.0.8-h93a5062_5.conda
  hash:
    md5: 1bbc659ca658bfd49a481b5ef7a0f40f
    sha256: bfa84296a638bea78a8bb29abc493ee95f2a0218775642474a840411b950fe5f
  build: h93a5062_5
  arch: aarch64
  subdir: osx-arm64
  build_number: 5
  license: bzip2-1.0.6
  license_family: BSD
  size: 122325
  timestamp: 1699280294368
- platform: win-64
  name: bzip2
  version: 1.0.8
  category: main
  manager: conda
  dependencies:
  - ucrt >=10.0.20348.0
  - vc >=14.2,<15
  - vc14_runtime >=14.29.30139
  url: https://conda.anaconda.org/conda-forge/win-64/bzip2-1.0.8-hcfcfb64_5.conda
  hash:
    md5: 26eb8ca6ea332b675e11704cce84a3be
    sha256: ae5f47a5c86fd6db822931255dcf017eb12f60c77f07dc782ccb477f7808aab2
  build: hcfcfb64_5
  arch: x86_64
  subdir: win-64
  build_number: 5
  license: bzip2-1.0.6
  license_family: BSD
  size: 124580
  timestamp: 1699280668742
- platform: linux-64
  name: ca-certificates
  version: 2023.11.17
  category: main
  manager: conda
  dependencies: []
  url: https://conda.anaconda.org/conda-forge/linux-64/ca-certificates-2023.11.17-hbcca054_0.conda
  hash:
    md5: 01ffc8d36f9eba0ce0b3c1955fa780ee
    sha256: fb4b9f4b7d885002db0b93e22f44b5b03791ef3d4efdc9d0662185a0faafd6b6
  build: hbcca054_0
  arch: x86_64
  subdir: linux-64
  build_number: 0
  license: ISC
  size: 154117
  timestamp: 1700280881924
- platform: osx-64
  name: ca-certificates
  version: 2023.11.17
  category: main
  manager: conda
  dependencies: []
  url: https://conda.anaconda.org/conda-forge/osx-64/ca-certificates-2023.11.17-h8857fd0_0.conda
  hash:
    md5: c687e9d14c49e3d3946d50a413cdbf16
    sha256: 7e05d80a97beb7cb7492fae38584a68d51f338a5eddf73a14b5bd266597db90e
  build: h8857fd0_0
  arch: x86_64
  subdir: osx-64
  build_number: 0
  license: ISC
  size: 154404
  timestamp: 1700280995538
- platform: osx-arm64
  name: ca-certificates
  version: 2023.11.17
  category: main
  manager: conda
  dependencies: []
  url: https://conda.anaconda.org/conda-forge/osx-arm64/ca-certificates-2023.11.17-hf0a4a13_0.conda
  hash:
    md5: c01da7c77cfcba2107174e25c1d47384
    sha256: 75f4762a55f7e9453a603c967d549bfa0a7a9669d502d103cb6fbf8c86d993c6
  build: hf0a4a13_0
  arch: aarch64
  subdir: osx-arm64
  build_number: 0
  license: ISC
  size: 154444
  timestamp: 1700280972188
- platform: win-64
  name: ca-certificates
  version: 2023.11.17
  category: main
  manager: conda
  dependencies: []
  url: https://conda.anaconda.org/conda-forge/win-64/ca-certificates-2023.11.17-h56e8100_0.conda
  hash:
    md5: 1163114b483f26761f993c709e65271f
    sha256: c6177e2a4967db7a4e929c6ecd2fafde36e489dbeda23ceda640f4915cb0e877
  build: h56e8100_0
  arch: x86_64
  subdir: win-64
  build_number: 0
  license: ISC
  size: 154700
  timestamp: 1700281021312
- platform: linux-64
  name: ld_impl_linux-64
  version: '2.40'
  category: main
  manager: conda
  dependencies: []
  url: https://conda.anaconda.org/conda-forge/linux-64/ld_impl_linux-64-2.40-h41732ed_0.conda
  hash:
    md5: 7aca3059a1729aa76c597603f10b0dd3
    sha256: f6cc89d887555912d6c61b295d398cff9ec982a3417d38025c45d5dd9b9e79cd
  build: h41732ed_0
  arch: x86_64
  subdir: linux-64
  build_number: 0
  constrains:
  - binutils_impl_linux-64 2.40
  license: GPL-3.0-only
  license_family: GPL
  size: 704696
  timestamp: 1674833944779
- platform: linux-64
  name: libexpat
  version: 2.5.0
  category: main
  manager: conda
  dependencies:
  - libgcc-ng >=12
  url: https://conda.anaconda.org/conda-forge/linux-64/libexpat-2.5.0-hcb278e6_1.conda
  hash:
    md5: 6305a3dd2752c76335295da4e581f2fd
    sha256: 74c98a563777ae2ad71f1f74d458a8ab043cee4a513467c159ccf159d0e461f3
  build: hcb278e6_1
  arch: x86_64
  subdir: linux-64
  build_number: 1
  constrains:
  - expat 2.5.0.*
  license: MIT
  license_family: MIT
  size: 77980
  timestamp: 1680190528313
- platform: osx-64
  name: libexpat
  version: 2.5.0
  category: main
  manager: conda
  dependencies: []
  url: https://conda.anaconda.org/conda-forge/osx-64/libexpat-2.5.0-hf0c8a7f_1.conda
  hash:
    md5: 6c81cb022780ee33435cca0127dd43c9
    sha256: 80024bd9f44d096c4cc07fb2bac76b5f1f7553390112dab3ad6acb16a05f0b96
  build: hf0c8a7f_1
  arch: x86_64
  subdir: osx-64
  build_number: 1
  constrains:
  - expat 2.5.0.*
  license: MIT
  license_family: MIT
  size: 69602
  timestamp: 1680191040160
- platform: osx-arm64
  name: libexpat
  version: 2.5.0
  category: main
  manager: conda
  dependencies: []
  url: https://conda.anaconda.org/conda-forge/osx-arm64/libexpat-2.5.0-hb7217d7_1.conda
  hash:
    md5: 5a097ad3d17e42c148c9566280481317
    sha256: 7d143a9c991579ad4207f84c632650a571c66329090daa32b3c87cf7311c3381
  build: hb7217d7_1
  arch: aarch64
  subdir: osx-arm64
  build_number: 1
  constrains:
  - expat 2.5.0.*
  license: MIT
  license_family: MIT
  size: 63442
  timestamp: 1680190916539
- platform: win-64
  name: libexpat
  version: 2.5.0
  category: main
  manager: conda
  dependencies: []
  url: https://conda.anaconda.org/conda-forge/win-64/libexpat-2.5.0-h63175ca_1.conda
  hash:
    md5: 636cc3cbbd2e28bcfd2f73b2044aac2c
    sha256: 794b2a9be72f176a2767c299574d330ffb76b2ed75d7fd20bee3bbadce5886cf
  build: h63175ca_1
  arch: x86_64
  subdir: win-64
  build_number: 1
  constrains:
  - expat 2.5.0.*
  license: MIT
  license_family: MIT
  size: 138689
  timestamp: 1680190844101
- platform: linux-64
  name: libffi
  version: 3.4.2
  category: main
  manager: conda
  dependencies:
  - libgcc-ng >=9.4.0
  url: https://conda.anaconda.org/conda-forge/linux-64/libffi-3.4.2-h7f98852_5.tar.bz2
  hash:
    md5: d645c6d2ac96843a2bfaccd2d62b3ac3
    sha256: ab6e9856c21709b7b517e940ae7028ae0737546122f83c2aa5d692860c3b149e
  build: h7f98852_5
  arch: x86_64
  subdir: linux-64
  build_number: 5
  license: MIT
  license_family: MIT
  size: 58292
  timestamp: 1636488182923
- platform: osx-64
  name: libffi
  version: 3.4.2
  category: main
  manager: conda
  dependencies: []
  url: https://conda.anaconda.org/conda-forge/osx-64/libffi-3.4.2-h0d85af4_5.tar.bz2
  hash:
    md5: ccb34fb14960ad8b125962d3d79b31a9
    sha256: 7a2d27a936ceee6942ea4d397f9c7d136f12549d86f7617e8b6bad51e01a941f
  build: h0d85af4_5
  arch: x86_64
  subdir: osx-64
  build_number: 5
  license: MIT
  license_family: MIT
  size: 51348
  timestamp: 1636488394370
- platform: osx-arm64
  name: libffi
  version: 3.4.2
  category: main
  manager: conda
  dependencies: []
  url: https://conda.anaconda.org/conda-forge/osx-arm64/libffi-3.4.2-h3422bc3_5.tar.bz2
  hash:
    md5: 086914b672be056eb70fd4285b6783b6
    sha256: 41b3d13efb775e340e4dba549ab5c029611ea6918703096b2eaa9c015c0750ca
  build: h3422bc3_5
  arch: aarch64
  subdir: osx-arm64
  build_number: 5
  license: MIT
  license_family: MIT
  size: 39020
  timestamp: 1636488587153
- platform: win-64
  name: libffi
  version: 3.4.2
  category: main
  manager: conda
  dependencies:
  - vc >=14.1,<15.0a0
  - vs2015_runtime >=14.16.27012
  url: https://conda.anaconda.org/conda-forge/win-64/libffi-3.4.2-h8ffe710_5.tar.bz2
  hash:
    md5: 2c96d1b6915b408893f9472569dee135
    sha256: 1951ab740f80660e9bc07d2ed3aefb874d78c107264fd810f24a1a6211d4b1a5
  build: h8ffe710_5
  arch: x86_64
  subdir: win-64
  build_number: 5
  license: MIT
  license_family: MIT
  size: 42063
  timestamp: 1636489106777
- platform: linux-64
  name: libgcc-ng
  version: 13.2.0
  category: main
  manager: conda
  dependencies:
  - _libgcc_mutex 0.1 conda_forge
  - _openmp_mutex >=4.5
  url: https://conda.anaconda.org/conda-forge/linux-64/libgcc-ng-13.2.0-h807b86a_3.conda
  hash:
    md5: 23fdf1fef05baeb7eadc2aed5fb0011f
    sha256: 5e88f658e07a30ab41b154b42c59f079b168acfa9551a75bdc972099453f4105
  build: h807b86a_3
  arch: x86_64
  subdir: linux-64
  build_number: 3
  constrains:
  - libgomp 13.2.0 h807b86a_3
  license: GPL-3.0-only WITH GCC-exception-3.1
  license_family: GPL
  size: 773629
  timestamp: 1699753612541
- platform: linux-64
  name: libgomp
  version: 13.2.0
  category: main
  manager: conda
  dependencies:
  - _libgcc_mutex 0.1 conda_forge
  url: https://conda.anaconda.org/conda-forge/linux-64/libgomp-13.2.0-h807b86a_3.conda
  hash:
    md5: 7124cbb46b13d395bdde68f2d215c989
    sha256: 6ebedee39b6bbbc969715d0d7fa4b381cce67e1139862604ffa393f821c08e81
  build: h807b86a_3
  arch: x86_64
  subdir: linux-64
  build_number: 3
  license: GPL-3.0-only WITH GCC-exception-3.1
  license_family: GPL
  size: 421834
  timestamp: 1699753531479
- platform: linux-64
  name: libnsl
  version: 2.0.1
  category: main
  manager: conda
  dependencies:
  - libgcc-ng >=12
  url: https://conda.anaconda.org/conda-forge/linux-64/libnsl-2.0.1-hd590300_0.conda
  hash:
    md5: 30fd6e37fe21f86f4bd26d6ee73eeec7
    sha256: 26d77a3bb4dceeedc2a41bd688564fe71bf2d149fdcf117049970bc02ff1add6
  build: hd590300_0
  arch: x86_64
  subdir: linux-64
  build_number: 0
  license: LGPL-2.1-only
  license_family: GPL
  size: 33408
  timestamp: 1697359010159
- platform: linux-64
  name: libsqlite
  version: 3.44.2
  category: main
  manager: conda
  dependencies:
  - libgcc-ng >=12
  - libzlib >=1.2.13,<1.3.0a0
  url: https://conda.anaconda.org/conda-forge/linux-64/libsqlite-3.44.2-h2797004_0.conda
  hash:
    md5: 3b6a9f225c3dbe0d24f4fedd4625c5bf
    sha256: ee2c4d724a3ed60d5b458864d66122fb84c6ce1df62f735f90d8db17b66cd88a
  build: h2797004_0
  arch: x86_64
  subdir: linux-64
  build_number: 0
  license: Unlicense
  size: 845830
  timestamp: 1700863204572
- platform: osx-64
  name: libsqlite
  version: 3.44.2
  category: main
  manager: conda
  dependencies:
  - libzlib >=1.2.13,<1.3.0a0
  url: https://conda.anaconda.org/conda-forge/osx-64/libsqlite-3.44.2-h92b6c6a_0.conda
  hash:
    md5: d4419f90019e6a2b152cd4d32f73a82f
    sha256: 8a317d2aa6352feba951ca09d5bf34f565f9dd10bb14ff842b8650baa321d781
  build: h92b6c6a_0
  arch: x86_64
  subdir: osx-64
  build_number: 0
  license: Unlicense
  size: 891089
  timestamp: 1700863475542
- platform: osx-arm64
  name: libsqlite
  version: 3.44.2
  category: main
  manager: conda
  dependencies:
  - libzlib >=1.2.13,<1.3.0a0
  url: https://conda.anaconda.org/conda-forge/osx-arm64/libsqlite-3.44.2-h091b4b1_0.conda
  hash:
    md5: d7e1af696cfadec251a0abdd7b79ed77
    sha256: f0dc2fe69eddb4bab72ff6bb0da51d689294f466ee1b01e80ced1e7878a21aa5
  build: h091b4b1_0
  arch: aarch64
  subdir: osx-arm64
  build_number: 0
  license: Unlicense
  size: 815254
  timestamp: 1700863572318
- platform: win-64
  name: libsqlite
  version: 3.44.2
  category: main
  manager: conda
  dependencies:
  - ucrt >=10.0.20348.0
  - vc >=14.2,<15
  - vc14_runtime >=14.29.30139
  url: https://conda.anaconda.org/conda-forge/win-64/libsqlite-3.44.2-hcfcfb64_0.conda
  hash:
    md5: 4a5f5ab56cbf3ccd08d71a1168061213
    sha256: 25bfcf79ec863c2c0f0b3599981e2eac57efc5302faf2bb84f68c3f0faa55d1c
  build: hcfcfb64_0
  arch: x86_64
  subdir: win-64
  build_number: 0
  license: Unlicense
  size: 853171
  timestamp: 1700863704859
- platform: linux-64
  name: libuuid
  version: 2.38.1
  category: main
  manager: conda
  dependencies:
  - libgcc-ng >=12
  url: https://conda.anaconda.org/conda-forge/linux-64/libuuid-2.38.1-h0b41bf4_0.conda
  hash:
    md5: 40b61aab5c7ba9ff276c41cfffe6b80b
    sha256: 787eb542f055a2b3de553614b25f09eefb0a0931b0c87dbcce6efdfd92f04f18
  build: h0b41bf4_0
  arch: x86_64
  subdir: linux-64
  build_number: 0
  license: BSD-3-Clause
  license_family: BSD
  size: 33601
  timestamp: 1680112270483
- platform: linux-64
  name: libxcrypt
  version: 4.4.36
  category: main
  manager: conda
  dependencies:
  - libgcc-ng >=12
  url: https://conda.anaconda.org/conda-forge/linux-64/libxcrypt-4.4.36-hd590300_1.conda
  hash:
    md5: 5aa797f8787fe7a17d1b0821485b5adc
    sha256: 6ae68e0b86423ef188196fff6207ed0c8195dd84273cb5623b85aa08033a410c
  build: hd590300_1
  arch: x86_64
  subdir: linux-64
  build_number: 1
  license: LGPL-2.1-or-later
  size: 100393
  timestamp: 1702724383534
- platform: linux-64
  name: libzlib
  version: 1.2.13
  category: main
  manager: conda
  dependencies:
  - libgcc-ng >=12
  url: https://conda.anaconda.org/conda-forge/linux-64/libzlib-1.2.13-hd590300_5.conda
  hash:
    md5: f36c115f1ee199da648e0597ec2047ad
    sha256: 370c7c5893b737596fd6ca0d9190c9715d89d888b8c88537ae1ef168c25e82e4
  build: hd590300_5
  arch: x86_64
  subdir: linux-64
  build_number: 5
  constrains:
  - zlib 1.2.13 *_5
  license: Zlib
  license_family: Other
  size: 61588
  timestamp: 1686575217516
- platform: osx-64
  name: libzlib
  version: 1.2.13
  category: main
  manager: conda
  dependencies: []
  url: https://conda.anaconda.org/conda-forge/osx-64/libzlib-1.2.13-h8a1eda9_5.conda
  hash:
    md5: 4a3ad23f6e16f99c04e166767193d700
    sha256: fc58ad7f47ffea10df1f2165369978fba0a1cc32594aad778f5eec725f334867
  build: h8a1eda9_5
  arch: x86_64
  subdir: osx-64
  build_number: 5
  constrains:
  - zlib 1.2.13 *_5
  license: Zlib
  license_family: Other
  size: 59404
  timestamp: 1686575566695
- platform: osx-arm64
  name: libzlib
  version: 1.2.13
  category: main
  manager: conda
  dependencies: []
  url: https://conda.anaconda.org/conda-forge/osx-arm64/libzlib-1.2.13-h53f4e23_5.conda
  hash:
    md5: 1a47f5236db2e06a320ffa0392f81bd8
    sha256: ab1c8aefa2d54322a63aaeeefe9cf877411851738616c4068e0dccc66b9c758a
  build: h53f4e23_5
  arch: aarch64
  subdir: osx-arm64
  build_number: 5
  constrains:
  - zlib 1.2.13 *_5
  license: Zlib
  license_family: Other
  size: 48102
  timestamp: 1686575426584
- platform: win-64
  name: libzlib
  version: 1.2.13
  category: main
  manager: conda
  dependencies:
  - ucrt >=10.0.20348.0
  - vc >=14.2,<15
  - vc14_runtime >=14.29.30139
  url: https://conda.anaconda.org/conda-forge/win-64/libzlib-1.2.13-hcfcfb64_5.conda
  hash:
    md5: 5fdb9c6a113b6b6cb5e517fd972d5f41
    sha256: c161822ee8130b71e08b6d282b9919c1de2c5274b29921a867bca0f7d30cad26
  build: hcfcfb64_5
  arch: x86_64
  subdir: win-64
  build_number: 5
  constrains:
  - zlib 1.2.13 *_5
  license: Zlib
  license_family: Other
  size: 55800
  timestamp: 1686575452215
- platform: linux-64
  name: ncurses
  version: '6.4'
  category: main
  manager: conda
  dependencies:
  - libgcc-ng >=12
  url: https://conda.anaconda.org/conda-forge/linux-64/ncurses-6.4-h59595ed_2.conda
  hash:
    md5: 7dbaa197d7ba6032caf7ae7f32c1efa0
    sha256: 91cc03f14caf96243cead96c76fe91ab5925a695d892e83285461fb927dece5e
  build: h59595ed_2
  arch: x86_64
  subdir: linux-64
  build_number: 2
  license: X11 AND BSD-3-Clause
  size: 884434
  timestamp: 1698751260967
- platform: osx-64
  name: ncurses
  version: '6.4'
  category: main
  manager: conda
  dependencies:
  - __osx >=10.9
  url: https://conda.anaconda.org/conda-forge/osx-64/ncurses-6.4-h93d8f39_2.conda
  hash:
    md5: e58f366bd4d767e9ab97ab8b272e7670
    sha256: ea0fca66bbb52a1ef0687d466518fe120b5f279684effd6fd336a7b0dddc423a
  build: h93d8f39_2
  arch: x86_64
  subdir: osx-64
  build_number: 2
  license: X11 AND BSD-3-Clause
  size: 822031
  timestamp: 1698751567986
- platform: osx-arm64
  name: ncurses
  version: '6.4'
  category: main
  manager: conda
  dependencies:
  - __osx >=10.9
  url: https://conda.anaconda.org/conda-forge/osx-arm64/ncurses-6.4-h463b476_2.conda
  hash:
    md5: 52b6f254a7b9663e854f44b6570ed982
    sha256: f6890634f815e8408d08f36503353f8dfd7b055e4c3b9ea2ee52180255cf4b0a
  build: h463b476_2
  arch: aarch64
  subdir: osx-arm64
  build_number: 2
  license: X11 AND BSD-3-Clause
  size: 794741
  timestamp: 1698751574074
- platform: linux-64
  name: openssl
  version: 3.2.0
  category: main
  manager: conda
  dependencies:
  - ca-certificates
  - libgcc-ng >=12
  url: https://conda.anaconda.org/conda-forge/linux-64/openssl-3.2.0-hd590300_1.conda
  hash:
    md5: 603827b39ea2b835268adb8c821b8570
    sha256: 80efc6f429bd8e622d999652e5cba2ca56fcdb9c16a439d2ce9b4313116e4a87
  build: hd590300_1
  arch: x86_64
  subdir: linux-64
  build_number: 1
  constrains:
  - pyopenssl >=22.1
  license: Apache-2.0
  license_family: Apache
  size: 2854103
  timestamp: 1701162437033
- platform: osx-64
  name: openssl
  version: 3.2.0
  category: main
  manager: conda
  dependencies:
  - ca-certificates
  url: https://conda.anaconda.org/conda-forge/osx-64/openssl-3.2.0-hd75f5a5_1.conda
  hash:
    md5: 06cb561619487c88891839b9beb5244c
    sha256: 99161bf349f5dc80322f2a2c188588d11efa662566e4e19f2ac0a36d9fa3de25
  build: hd75f5a5_1
  arch: x86_64
  subdir: osx-64
  build_number: 1
  constrains:
  - pyopenssl >=22.1
  license: Apache-2.0
  license_family: Apache
  size: 2508164
  timestamp: 1701163123673
- platform: osx-arm64
  name: openssl
  version: 3.2.0
  category: main
  manager: conda
  dependencies:
  - ca-certificates
  url: https://conda.anaconda.org/conda-forge/osx-arm64/openssl-3.2.0-h0d3ecfb_1.conda
  hash:
    md5: 47d16d26100f19ca495882882b7bc93b
    sha256: a53e1c6c058b621fd1d13cca6f9cccd534d2b3f4b4ac789fe26f7902031d6c41
  build: h0d3ecfb_1
  arch: aarch64
  subdir: osx-arm64
  build_number: 1
  constrains:
  - pyopenssl >=22.1
  license: Apache-2.0
  license_family: Apache
  size: 2856233
  timestamp: 1701162541844
- platform: win-64
  name: openssl
  version: 3.2.0
  category: main
  manager: conda
  dependencies:
  - ca-certificates
  - ucrt >=10.0.20348.0
  - vc >=14.2,<15
  - vc14_runtime >=14.29.30139
  url: https://conda.anaconda.org/conda-forge/win-64/openssl-3.2.0-hcfcfb64_1.conda
  hash:
    md5: d10167022f99bad12ee07dea022d5830
    sha256: 373b9671173ef3413d2a95f3781176b818db904ba82298f8447b9658d71e2cc9
  build: hcfcfb64_1
  arch: x86_64
  subdir: win-64
  build_number: 1
  constrains:
  - pyopenssl >=22.1
  license: Apache-2.0
  license_family: Apache
  size: 8248125
  timestamp: 1701164404616
- platform: linux-64
  name: python
  version: 3.12.1
  category: main
  manager: conda
  dependencies:
  - bzip2 >=1.0.8,<2.0a0
  - ld_impl_linux-64 >=2.36.1
  - libexpat >=2.5.0,<3.0a0
  - libffi >=3.4,<4.0a0
  - libgcc-ng >=12
  - libnsl >=2.0.1,<2.1.0a0
  - libsqlite >=3.44.2,<4.0a0
  - libuuid >=2.38.1,<3.0a0
  - libxcrypt >=4.4.36
  - libzlib >=1.2.13,<1.3.0a0
  - ncurses >=6.4,<7.0a0
  - openssl >=3.2.0,<4.0a0
  - readline >=8.2,<9.0a0
  - tk >=8.6.13,<8.7.0a0
  - tzdata
  - xz >=5.2.6,<6.0a0
  url: https://conda.anaconda.org/conda-forge/linux-64/python-3.12.1-hab00c5b_1_cpython.conda
  hash:
    md5: 0bab699354cbd66959550eb9b9866620
    sha256: d44521b3ffd7edcad75bd55276ae3fb4cb07e63b2aa3545fef62bfda774b8a2b
  build: hab00c5b_1_cpython
  arch: x86_64
  subdir: linux-64
  build_number: 1
  constrains:
  - python_abi 3.12.* *_cp312
  license: Python-2.0
  size: 32286118
  timestamp: 1703320043028
- platform: osx-64
  name: python
  version: 3.12.1
  category: main
  manager: conda
  dependencies:
  - bzip2 >=1.0.8,<2.0a0
  - libexpat >=2.5.0,<3.0a0
  - libffi >=3.4,<4.0a0
  - libsqlite >=3.44.2,<4.0a0
  - libzlib >=1.2.13,<1.3.0a0
  - ncurses >=6.4,<7.0a0
  - openssl >=3.2.0,<4.0a0
  - readline >=8.2,<9.0a0
  - tk >=8.6.13,<8.7.0a0
  - tzdata
  - xz >=5.2.6,<6.0a0
  url: https://conda.anaconda.org/conda-forge/osx-64/python-3.12.1-h9f0c242_1_cpython.conda
  hash:
    md5: 41d5549764b9f37199e6255e5e9daee6
    sha256: d55c0875fc6f4228024d1fd0c4fcde8a61fdd4d852a98f3b05f121011a2fd753
  build: h9f0c242_1_cpython
  arch: x86_64
  subdir: osx-64
  build_number: 1
  constrains:
  - python_abi 3.12.* *_cp312
  license: Python-2.0
  size: 14537279
  timestamp: 1703319526863
- platform: osx-arm64
  name: python
  version: 3.12.1
  category: main
  manager: conda
  dependencies:
  - bzip2 >=1.0.8,<2.0a0
  - libexpat >=2.5.0,<3.0a0
  - libffi >=3.4,<4.0a0
  - libsqlite >=3.44.2,<4.0a0
  - libzlib >=1.2.13,<1.3.0a0
  - ncurses >=6.4,<7.0a0
  - openssl >=3.2.0,<4.0a0
  - readline >=8.2,<9.0a0
  - tk >=8.6.13,<8.7.0a0
  - tzdata
  - xz >=5.2.6,<6.0a0
  url: https://conda.anaconda.org/conda-forge/osx-arm64/python-3.12.1-hdf0ec26_1_cpython.conda
  hash:
    md5: 7b5d48e25f131864762bfef1914d2014
    sha256: c9bdc2478a983da8c1b965727889fe58e2ea594c6f280a73c822beab1926d40d
  build: hdf0ec26_1_cpython
  arch: aarch64
  subdir: osx-arm64
  build_number: 1
  constrains:
  - python_abi 3.12.* *_cp312
  license: Python-2.0
  size: 13089201
  timestamp: 1703318862740
- platform: win-64
  name: python
  version: 3.12.1
  category: main
  manager: conda
  dependencies:
  - bzip2 >=1.0.8,<2.0a0
  - libexpat >=2.5.0,<3.0a0
  - libffi >=3.4,<4.0a0
  - libsqlite >=3.44.2,<4.0a0
  - libzlib >=1.2.13,<1.3.0a0
  - openssl >=3.2.0,<4.0a0
  - tk >=8.6.13,<8.7.0a0
  - tzdata
  - ucrt >=10.0.20348.0
  - vc >=14.2,<15
  - vc14_runtime >=14.29.30139
  - xz >=5.2.6,<6.0a0
  url: https://conda.anaconda.org/conda-forge/win-64/python-3.12.1-h2628c8c_1_cpython.conda
  hash:
    md5: 19f49a5c0aea545792ad88bb40dc1ec9
    sha256: e3c4d9a961dac0e15b501144b333ede8515bff83aec51f4815c575311053352f
  build: h2628c8c_1_cpython
  arch: x86_64
  subdir: win-64
  build_number: 1
  constrains:
  - python_abi 3.12.* *_cp312
  license: Python-2.0
  size: 16082514
  timestamp: 1703318525844
- platform: linux-64
  name: readline
  version: '8.2'
  category: main
  manager: conda
  dependencies:
  - libgcc-ng >=12
  - ncurses >=6.3,<7.0a0
  url: https://conda.anaconda.org/conda-forge/linux-64/readline-8.2-h8228510_1.conda
  hash:
    md5: 47d31b792659ce70f470b5c82fdfb7a4
    sha256: 5435cf39d039387fbdc977b0a762357ea909a7694d9528ab40f005e9208744d7
  build: h8228510_1
  arch: x86_64
  subdir: linux-64
  build_number: 1
  license: GPL-3.0-only
  license_family: GPL
  size: 281456
  timestamp: 1679532220005
- platform: osx-64
  name: readline
  version: '8.2'
  category: main
  manager: conda
  dependencies:
  - ncurses >=6.3,<7.0a0
  url: https://conda.anaconda.org/conda-forge/osx-64/readline-8.2-h9e318b2_1.conda
  hash:
    md5: f17f77f2acf4d344734bda76829ce14e
    sha256: 41e7d30a097d9b060037f0c6a2b1d4c4ae7e942c06c943d23f9d481548478568
  build: h9e318b2_1
  arch: x86_64
  subdir: osx-64
  build_number: 1
  license: GPL-3.0-only
  license_family: GPL
  size: 255870
  timestamp: 1679532707590
- platform: osx-arm64
  name: readline
  version: '8.2'
  category: main
  manager: conda
  dependencies:
  - ncurses >=6.3,<7.0a0
  url: https://conda.anaconda.org/conda-forge/osx-arm64/readline-8.2-h92ec313_1.conda
  hash:
    md5: 8cbb776a2f641b943d413b3e19df71f4
    sha256: a1dfa679ac3f6007362386576a704ad2d0d7a02e98f5d0b115f207a2da63e884
  build: h92ec313_1
  arch: aarch64
  subdir: osx-arm64
  build_number: 1
  license: GPL-3.0-only
  license_family: GPL
  size: 250351
  timestamp: 1679532511311
- platform: linux-64
  name: tk
  version: 8.6.13
  category: main
  manager: conda
  dependencies:
  - libgcc-ng >=12
  - libzlib >=1.2.13,<1.3.0a0
  url: https://conda.anaconda.org/conda-forge/linux-64/tk-8.6.13-noxft_h4845f30_101.conda
  hash:
    md5: d453b98d9c83e71da0741bb0ff4d76bc
    sha256: e0569c9caa68bf476bead1bed3d79650bb080b532c64a4af7d8ca286c08dea4e
  build: noxft_h4845f30_101
  arch: x86_64
  subdir: linux-64
  build_number: 101
  license: TCL
  license_family: BSD
  size: 3318875
  timestamp: 1699202167581
- platform: osx-64
  name: tk
  version: 8.6.13
  category: main
  manager: conda
  dependencies:
  - libzlib >=1.2.13,<1.3.0a0
  url: https://conda.anaconda.org/conda-forge/osx-64/tk-8.6.13-h1abcd95_1.conda
  hash:
    md5: bf830ba5afc507c6232d4ef0fb1a882d
    sha256: 30412b2e9de4ff82d8c2a7e5d06a15f4f4fef1809a72138b6ccb53a33b26faf5
  build: h1abcd95_1
  arch: x86_64
  subdir: osx-64
  build_number: 1
  license: TCL
  license_family: BSD
  size: 3270220
  timestamp: 1699202389792
- platform: osx-arm64
  name: tk
  version: 8.6.13
  category: main
  manager: conda
  dependencies:
  - libzlib >=1.2.13,<1.3.0a0
  url: https://conda.anaconda.org/conda-forge/osx-arm64/tk-8.6.13-h5083fa2_1.conda
  hash:
    md5: b50a57ba89c32b62428b71a875291c9b
    sha256: 72457ad031b4c048e5891f3f6cb27a53cb479db68a52d965f796910e71a403a8
  build: h5083fa2_1
  arch: aarch64
  subdir: osx-arm64
  build_number: 1
  license: TCL
  license_family: BSD
  size: 3145523
  timestamp: 1699202432999
- platform: win-64
  name: tk
  version: 8.6.13
  category: main
  manager: conda
  dependencies:
  - ucrt >=10.0.20348.0
  - vc >=14.2,<15
  - vc14_runtime >=14.29.30139
  url: https://conda.anaconda.org/conda-forge/win-64/tk-8.6.13-h5226925_1.conda
  hash:
    md5: fc048363eb8f03cd1737600a5d08aafe
    sha256: 2c4e914f521ccb2718946645108c9bd3fc3216ba69aea20c2c3cedbd8db32bb1
  build: h5226925_1
  arch: x86_64
  subdir: win-64
  build_number: 1
  license: TCL
  license_family: BSD
  size: 3503410
  timestamp: 1699202577803
- platform: linux-64
  name: tzdata
  version: 2023d
  category: main
  manager: conda
  dependencies: []
  url: https://conda.anaconda.org/conda-forge/noarch/tzdata-2023d-h0c530f3_0.conda
  hash:
    md5: 8dee24b8be2d9ff81e7bd4d7d97ff1b0
    sha256: 04f2ab3e36f2015841551415bf16bf62933bd94b7085d4be5493b388e95a9c3d
  build: h0c530f3_0
  arch: x86_64
  subdir: linux-64
  build_number: 0
  license: LicenseRef-Public-Domain
  noarch: generic
  size: 119639
  timestamp: 1703250910370
- platform: osx-64
  name: tzdata
  version: 2023d
  category: main
  manager: conda
  dependencies: []
  url: https://conda.anaconda.org/conda-forge/noarch/tzdata-2023d-h0c530f3_0.conda
  hash:
    md5: 8dee24b8be2d9ff81e7bd4d7d97ff1b0
    sha256: 04f2ab3e36f2015841551415bf16bf62933bd94b7085d4be5493b388e95a9c3d
  build: h0c530f3_0
  arch: x86_64
  subdir: osx-64
  build_number: 0
  license: LicenseRef-Public-Domain
  noarch: generic
  size: 119639
  timestamp: 1703250910370
- platform: osx-arm64
  name: tzdata
  version: 2023d
  category: main
  manager: conda
  dependencies: []
  url: https://conda.anaconda.org/conda-forge/noarch/tzdata-2023d-h0c530f3_0.conda
  hash:
    md5: 8dee24b8be2d9ff81e7bd4d7d97ff1b0
    sha256: 04f2ab3e36f2015841551415bf16bf62933bd94b7085d4be5493b388e95a9c3d
  build: h0c530f3_0
  arch: aarch64
  subdir: osx-arm64
  build_number: 0
  license: LicenseRef-Public-Domain
  noarch: generic
  size: 119639
  timestamp: 1703250910370
- platform: win-64
  name: tzdata
  version: 2023d
  category: main
  manager: conda
  dependencies: []
  url: https://conda.anaconda.org/conda-forge/noarch/tzdata-2023d-h0c530f3_0.conda
  hash:
    md5: 8dee24b8be2d9ff81e7bd4d7d97ff1b0
    sha256: 04f2ab3e36f2015841551415bf16bf62933bd94b7085d4be5493b388e95a9c3d
  build: h0c530f3_0
  arch: x86_64
  subdir: win-64
  build_number: 0
  license: LicenseRef-Public-Domain
  noarch: generic
  size: 119639
  timestamp: 1703250910370
- platform: win-64
  name: ucrt
  version: 10.0.22621.0
  category: main
  manager: conda
  dependencies: []
  url: https://conda.anaconda.org/conda-forge/win-64/ucrt-10.0.22621.0-h57928b3_0.tar.bz2
  hash:
    md5: 72608f6cd3e5898229c3ea16deb1ac43
    sha256: f29cdaf8712008f6b419b8b1a403923b00ab2504bfe0fb2ba8eb60e72d4f14c6
  build: h57928b3_0
  arch: x86_64
  subdir: win-64
  build_number: 0
  constrains:
  - vs2015_runtime >=14.29.30037
  license: LicenseRef-Proprietary
  license_family: PROPRIETARY
  size: 1283972
  timestamp: 1666630199266
- platform: win-64
  name: vc
  version: '14.3'
  category: main
  manager: conda
  dependencies:
  - vc14_runtime >=14.38.33130
  url: https://conda.anaconda.org/conda-forge/win-64/vc-14.3-hcf57466_18.conda
  hash:
    md5: 20e1e652a4c740fa719002a8449994a2
    sha256: 447a8d8292a7b2107dcc18afb67f046824711a652725fc0f522c368e7a7b8318
  build: hcf57466_18
  arch: x86_64
  subdir: win-64
  build_number: 18
  track_features: vc14
  license: BSD-3-Clause
  license_family: BSD
  size: 16977
  timestamp: 1702511255313
- platform: win-64
  name: vc14_runtime
  version: 14.38.33130
  category: main
  manager: conda
  dependencies:
  - ucrt >=10.0.20348.0
  url: https://conda.anaconda.org/conda-forge/win-64/vc14_runtime-14.38.33130-h82b7239_18.conda
  hash:
    md5: 8be79fdd2725ddf7bbf8a27a4c1f79ba
    sha256: bf94c9af4b2e9cba88207001197e695934eadc96a5c5e4cd7597e950aae3d8ff
  build: h82b7239_18
  arch: x86_64
  subdir: win-64
  build_number: 18
  constrains:
  - vs2015_runtime 14.38.33130.* *_18
  license: LicenseRef-ProprietaryMicrosoft
  license_family: Proprietary
  size: 749868
  timestamp: 1702511239004
- platform: win-64
  name: vs2015_runtime
  version: 14.38.33130
  category: main
  manager: conda
  dependencies:
  - vc14_runtime >=14.38.33130
  url: https://conda.anaconda.org/conda-forge/win-64/vs2015_runtime-14.38.33130-hcb4865c_18.conda
  hash:
    md5: 10d42885e3ed84e575b454db30f1aa93
    sha256: a2fec221f361d6263c117f4ea6d772b21c90a2f8edc6f3eb0eadec6bfe8843db
  build: hcb4865c_18
  arch: x86_64
  subdir: win-64
  build_number: 18
  license: BSD-3-Clause
  license_family: BSD
  size: 16988
  timestamp: 1702511261442
- platform: linux-64
  name: xz
  version: 5.2.6
  category: main
  manager: conda
  dependencies:
  - libgcc-ng >=12
  url: https://conda.anaconda.org/conda-forge/linux-64/xz-5.2.6-h166bdaf_0.tar.bz2
  hash:
    md5: 2161070d867d1b1204ea749c8eec4ef0
    sha256: 03a6d28ded42af8a347345f82f3eebdd6807a08526d47899a42d62d319609162
  build: h166bdaf_0
  arch: x86_64
  subdir: linux-64
  build_number: 0
  license: LGPL-2.1 and GPL-2.0
  size: 418368
  timestamp: 1660346797927
- platform: osx-64
  name: xz
  version: 5.2.6
  category: main
  manager: conda
  dependencies: []
  url: https://conda.anaconda.org/conda-forge/osx-64/xz-5.2.6-h775f41a_0.tar.bz2
  hash:
    md5: a72f9d4ea13d55d745ff1ed594747f10
    sha256: eb09823f34cc2dd663c0ec4ab13f246f45dcd52e5b8c47b9864361de5204a1c8
  build: h775f41a_0
  arch: x86_64
  subdir: osx-64
  build_number: 0
  license: LGPL-2.1 and GPL-2.0
  size: 238119
  timestamp: 1660346964847
- platform: osx-arm64
  name: xz
  version: 5.2.6
  category: main
  manager: conda
  dependencies: []
  url: https://conda.anaconda.org/conda-forge/osx-arm64/xz-5.2.6-h57fd34a_0.tar.bz2
  hash:
    md5: 39c6b54e94014701dd157f4f576ed211
    sha256: 59d78af0c3e071021cfe82dc40134c19dab8cdf804324b62940f5c8cd71803ec
  build: h57fd34a_0
  arch: aarch64
  subdir: osx-arm64
  build_number: 0
  license: LGPL-2.1 and GPL-2.0
  size: 235693
  timestamp: 1660346961024
- platform: win-64
  name: xz
  version: 5.2.6
  category: main
  manager: conda
  dependencies:
  - vc >=14.1,<15
  - vs2015_runtime >=14.16.27033
  url: https://conda.anaconda.org/conda-forge/win-64/xz-5.2.6-h8d14728_0.tar.bz2
  hash:
    md5: 515d77642eaa3639413c6b1bc3f94219
    sha256: 54d9778f75a02723784dc63aff4126ff6e6749ba21d11a6d03c1f4775f269fe0
  build: h8d14728_0
  arch: x86_64
  subdir: win-64
  build_number: 0
  license: LGPL-2.1 and GPL-2.0
  size: 217804
  timestamp: 1660346976440
