version: 5
environments:
  default:
    channels:
    - url: https://conda.anaconda.org/conda-forge/
    indexes:
    - https://pypi.org/simple
    find-links:
    - path: ./links
    packages:
      linux-64:
      - conda: https://conda.anaconda.org/conda-forge/linux-64/_libgcc_mutex-0.1-conda_forge.tar.bz2
      - conda: https://conda.anaconda.org/conda-forge/linux-64/_openmp_mutex-4.5-2_gnu.tar.bz2
      - conda: https://conda.anaconda.org/conda-forge/linux-64/bzip2-1.0.8-hd590300_5.conda
      - conda: https://conda.anaconda.org/conda-forge/linux-64/ca-certificates-2024.2.2-hbcca054_0.conda
      - conda: https://conda.anaconda.org/conda-forge/linux-64/ld_impl_linux-64-2.40-hf3520f5_1.conda
      - conda: https://conda.anaconda.org/conda-forge/linux-64/libexpat-2.6.2-h59595ed_0.conda
      - conda: https://conda.anaconda.org/conda-forge/linux-64/libffi-3.4.2-h7f98852_5.tar.bz2
      - conda: https://conda.anaconda.org/conda-forge/linux-64/libgcc-ng-13.2.0-h77fa898_7.conda
      - conda: https://conda.anaconda.org/conda-forge/linux-64/libgomp-13.2.0-h77fa898_7.conda
      - conda: https://conda.anaconda.org/conda-forge/linux-64/libnsl-2.0.1-hd590300_0.conda
      - conda: https://conda.anaconda.org/conda-forge/linux-64/libsqlite-3.45.3-h2797004_0.conda
      - conda: https://conda.anaconda.org/conda-forge/linux-64/libuuid-2.38.1-h0b41bf4_0.conda
      - conda: https://conda.anaconda.org/conda-forge/linux-64/libzlib-1.2.13-hd590300_5.conda
      - conda: https://conda.anaconda.org/conda-forge/linux-64/ncurses-6.5-h59595ed_0.conda
      - conda: https://conda.anaconda.org/conda-forge/linux-64/openssl-3.3.0-h4ab18f5_3.conda
      - conda: https://conda.anaconda.org/conda-forge/linux-64/python-3.12.0-hab00c5b_0_cpython.conda
      - conda: https://conda.anaconda.org/conda-forge/linux-64/readline-8.2-h8228510_1.conda
      - conda: https://conda.anaconda.org/conda-forge/linux-64/tk-8.6.13-noxft_h4845f30_101.conda
      - conda: https://conda.anaconda.org/conda-forge/noarch/tzdata-2024a-h0c530f3_0.conda
      - conda: https://conda.anaconda.org/conda-forge/linux-64/xz-5.2.6-h166bdaf_0.tar.bz2
      - pypi: https://files.pythonhosted.org/packages/ba/06/a07f096c664aeb9f01624f858c3add0a4e913d6c96257acb4fce61e7de14/certifi-2024.2.2-py3-none-any.whl
      - pypi: https://files.pythonhosted.org/packages/ee/fb/14d30eb4956408ee3ae09ad34299131fb383c47df355ddb428a7331cfa1e/charset_normalizer-3.3.2-cp312-cp312-manylinux_2_17_x86_64.manylinux2014_x86_64.whl
      - pypi: https://files.pythonhosted.org/packages/e5/3e/741d8c82801c347547f8a2a06aa57dbb1992be9e948df2ea0eda2c8b79e8/idna-3.7-py3-none-any.whl
      - pypi: https://files.pythonhosted.org/packages/a2/73/a68704750a7679d0b6d3ad7aa8d4da8e14e151ae82e6fee774e6e0d05ec8/urllib3-2.2.1-py3-none-any.whl
      - pypi: ./links/requests-2.31.0-py3-none-any.whl
      osx-64:
      - conda: https://conda.anaconda.org/conda-forge/osx-64/bzip2-1.0.8-h10d778d_5.conda
      - conda: https://conda.anaconda.org/conda-forge/osx-64/ca-certificates-2024.2.2-h8857fd0_0.conda
      - conda: https://conda.anaconda.org/conda-forge/osx-64/libexpat-2.6.2-h73e2aa4_0.conda
      - conda: https://conda.anaconda.org/conda-forge/osx-64/libffi-3.4.2-h0d85af4_5.tar.bz2
      - conda: https://conda.anaconda.org/conda-forge/osx-64/libsqlite-3.45.3-h92b6c6a_0.conda
      - conda: https://conda.anaconda.org/conda-forge/osx-64/libzlib-1.2.13-h8a1eda9_5.conda
      - conda: https://conda.anaconda.org/conda-forge/osx-64/ncurses-6.5-h5846eda_0.conda
      - conda: https://conda.anaconda.org/conda-forge/osx-64/openssl-3.3.0-h87427d6_3.conda
      - conda: https://conda.anaconda.org/conda-forge/osx-64/python-3.12.0-h30d4d87_0_cpython.conda
      - conda: https://conda.anaconda.org/conda-forge/osx-64/readline-8.2-h9e318b2_1.conda
      - conda: https://conda.anaconda.org/conda-forge/osx-64/tk-8.6.13-h1abcd95_1.conda
      - conda: https://conda.anaconda.org/conda-forge/noarch/tzdata-2024a-h0c530f3_0.conda
      - conda: https://conda.anaconda.org/conda-forge/osx-64/xz-5.2.6-h775f41a_0.tar.bz2
      - pypi: https://files.pythonhosted.org/packages/ba/06/a07f096c664aeb9f01624f858c3add0a4e913d6c96257acb4fce61e7de14/certifi-2024.2.2-py3-none-any.whl
      - pypi: https://files.pythonhosted.org/packages/2e/7d/2259318c202f3d17f3fe6438149b3b9e706d1070fe3fcbb28049730bb25c/charset_normalizer-3.3.2-cp312-cp312-macosx_10_9_x86_64.whl
      - pypi: https://files.pythonhosted.org/packages/e5/3e/741d8c82801c347547f8a2a06aa57dbb1992be9e948df2ea0eda2c8b79e8/idna-3.7-py3-none-any.whl
      - pypi: https://files.pythonhosted.org/packages/a2/73/a68704750a7679d0b6d3ad7aa8d4da8e14e151ae82e6fee774e6e0d05ec8/urllib3-2.2.1-py3-none-any.whl
      - pypi: ./links/requests-2.31.0-py3-none-any.whl
      osx-arm64:
      - conda: https://conda.anaconda.org/conda-forge/osx-arm64/bzip2-1.0.8-h93a5062_5.conda
      - conda: https://conda.anaconda.org/conda-forge/osx-arm64/ca-certificates-2024.2.2-hf0a4a13_0.conda
      - conda: https://conda.anaconda.org/conda-forge/osx-arm64/libexpat-2.6.2-hebf3989_0.conda
      - conda: https://conda.anaconda.org/conda-forge/osx-arm64/libffi-3.4.2-h3422bc3_5.tar.bz2
      - conda: https://conda.anaconda.org/conda-forge/osx-arm64/libsqlite-3.45.3-h091b4b1_0.conda
      - conda: https://conda.anaconda.org/conda-forge/osx-arm64/libzlib-1.2.13-h53f4e23_5.conda
      - conda: https://conda.anaconda.org/conda-forge/osx-arm64/ncurses-6.5-hb89a1cb_0.conda
      - conda: https://conda.anaconda.org/conda-forge/osx-arm64/openssl-3.3.0-hfb2fe0b_3.conda
      - conda: https://conda.anaconda.org/conda-forge/osx-arm64/python-3.12.0-h47c9636_0_cpython.conda
      - conda: https://conda.anaconda.org/conda-forge/osx-arm64/readline-8.2-h92ec313_1.conda
      - conda: https://conda.anaconda.org/conda-forge/osx-arm64/tk-8.6.13-h5083fa2_1.conda
      - conda: https://conda.anaconda.org/conda-forge/noarch/tzdata-2024a-h0c530f3_0.conda
      - conda: https://conda.anaconda.org/conda-forge/osx-arm64/xz-5.2.6-h57fd34a_0.tar.bz2
      - pypi: https://files.pythonhosted.org/packages/ba/06/a07f096c664aeb9f01624f858c3add0a4e913d6c96257acb4fce61e7de14/certifi-2024.2.2-py3-none-any.whl
      - pypi: https://files.pythonhosted.org/packages/3a/52/9f9d17c3b54dc238de384c4cb5a2ef0e27985b42a0e5cc8e8a31d918d48d/charset_normalizer-3.3.2-cp312-cp312-macosx_11_0_arm64.whl
      - pypi: https://files.pythonhosted.org/packages/e5/3e/741d8c82801c347547f8a2a06aa57dbb1992be9e948df2ea0eda2c8b79e8/idna-3.7-py3-none-any.whl
      - pypi: https://files.pythonhosted.org/packages/a2/73/a68704750a7679d0b6d3ad7aa8d4da8e14e151ae82e6fee774e6e0d05ec8/urllib3-2.2.1-py3-none-any.whl
      - pypi: ./links/requests-2.31.0-py3-none-any.whl
      win-64:
      - conda: https://conda.anaconda.org/conda-forge/win-64/bzip2-1.0.8-hcfcfb64_5.conda
      - conda: https://conda.anaconda.org/conda-forge/win-64/ca-certificates-2024.2.2-h56e8100_0.conda
      - conda: https://conda.anaconda.org/conda-forge/win-64/libexpat-2.6.2-h63175ca_0.conda
      - conda: https://conda.anaconda.org/conda-forge/win-64/libffi-3.4.2-h8ffe710_5.tar.bz2
      - conda: https://conda.anaconda.org/conda-forge/win-64/libsqlite-3.45.3-hcfcfb64_0.conda
      - conda: https://conda.anaconda.org/conda-forge/win-64/libzlib-1.2.13-hcfcfb64_5.conda
      - conda: https://conda.anaconda.org/conda-forge/win-64/openssl-3.3.0-h2466b09_3.conda
      - conda: https://conda.anaconda.org/conda-forge/win-64/python-3.12.0-h2628c8c_0_cpython.conda
      - conda: https://conda.anaconda.org/conda-forge/win-64/tk-8.6.13-h5226925_1.conda
      - conda: https://conda.anaconda.org/conda-forge/noarch/tzdata-2024a-h0c530f3_0.conda
      - conda: https://conda.anaconda.org/conda-forge/win-64/ucrt-10.0.22621.0-h57928b3_0.tar.bz2
      - conda: https://conda.anaconda.org/conda-forge/win-64/vc-14.3-ha32ba9b_20.conda
      - conda: https://conda.anaconda.org/conda-forge/win-64/vc14_runtime-14.38.33135-h835141b_20.conda
      - conda: https://conda.anaconda.org/conda-forge/win-64/vs2015_runtime-14.38.33135-h22015db_20.conda
      - conda: https://conda.anaconda.org/conda-forge/win-64/xz-5.2.6-h8d14728_0.tar.bz2
      - pypi: https://files.pythonhosted.org/packages/ba/06/a07f096c664aeb9f01624f858c3add0a4e913d6c96257acb4fce61e7de14/certifi-2024.2.2-py3-none-any.whl
      - pypi: https://files.pythonhosted.org/packages/b6/7c/8debebb4f90174074b827c63242c23851bdf00a532489fba57fef3416e40/charset_normalizer-3.3.2-cp312-cp312-win_amd64.whl
      - pypi: https://files.pythonhosted.org/packages/e5/3e/741d8c82801c347547f8a2a06aa57dbb1992be9e948df2ea0eda2c8b79e8/idna-3.7-py3-none-any.whl
      - pypi: https://files.pythonhosted.org/packages/a2/73/a68704750a7679d0b6d3ad7aa8d4da8e14e151ae82e6fee774e6e0d05ec8/urllib3-2.2.1-py3-none-any.whl
      - pypi: ./links/requests-2.31.0-py3-none-any.whl
packages:
- kind: conda
  name: _libgcc_mutex
  version: '0.1'
  build: conda_forge
  subdir: linux-64
  url: https://conda.anaconda.org/conda-forge/linux-64/_libgcc_mutex-0.1-conda_forge.tar.bz2
  sha256: fe51de6107f9edc7aa4f786a70f4a883943bc9d39b3bb7307c04c41410990726
  md5: d7c89558ba9fa0495403155b64376d81
  license: None
  purls: []
  size: 2562
  timestamp: 1578324546067
- kind: conda
  name: _openmp_mutex
  version: '4.5'
  build: 2_gnu
  build_number: 16
  subdir: linux-64
  url: https://conda.anaconda.org/conda-forge/linux-64/_openmp_mutex-4.5-2_gnu.tar.bz2
  sha256: fbe2c5e56a653bebb982eda4876a9178aedfc2b545f25d0ce9c4c0b508253d22
  md5: 73aaf86a425cc6e73fcf236a5a46396d
  depends:
  - _libgcc_mutex 0.1 conda_forge
  - libgomp >=7.5.0
  constrains:
  - openmp_impl 9999
  license: BSD-3-Clause
  license_family: BSD
  purls: []
  size: 23621
  timestamp: 1650670423406
- kind: conda
  name: bzip2
  version: 1.0.8
  build: h10d778d_5
  build_number: 5
  subdir: osx-64
  url: https://conda.anaconda.org/conda-forge/osx-64/bzip2-1.0.8-h10d778d_5.conda
  sha256: 61fb2b488928a54d9472113e1280b468a309561caa54f33825a3593da390b242
  md5: 6097a6ca9ada32699b5fc4312dd6ef18
  license: bzip2-1.0.6
  license_family: BSD
  purls: []
  size: 127885
  timestamp: 1699280178474
- kind: conda
  name: bzip2
  version: 1.0.8
  build: h93a5062_5
  build_number: 5
  subdir: osx-arm64
  url: https://conda.anaconda.org/conda-forge/osx-arm64/bzip2-1.0.8-h93a5062_5.conda
  sha256: bfa84296a638bea78a8bb29abc493ee95f2a0218775642474a840411b950fe5f
  md5: 1bbc659ca658bfd49a481b5ef7a0f40f
  license: bzip2-1.0.6
  license_family: BSD
  purls: []
  size: 122325
  timestamp: 1699280294368
- kind: conda
  name: bzip2
  version: 1.0.8
  build: hcfcfb64_5
  build_number: 5
  subdir: win-64
  url: https://conda.anaconda.org/conda-forge/win-64/bzip2-1.0.8-hcfcfb64_5.conda
  sha256: ae5f47a5c86fd6db822931255dcf017eb12f60c77f07dc782ccb477f7808aab2
  md5: 26eb8ca6ea332b675e11704cce84a3be
  depends:
  - ucrt >=10.0.20348.0
  - vc >=14.2,<15
  - vc14_runtime >=14.29.30139
  license: bzip2-1.0.6
  license_family: BSD
  purls: []
  size: 124580
  timestamp: 1699280668742
- kind: conda
  name: bzip2
  version: 1.0.8
  build: hd590300_5
  build_number: 5
  subdir: linux-64
  url: https://conda.anaconda.org/conda-forge/linux-64/bzip2-1.0.8-hd590300_5.conda
  sha256: 242c0c324507ee172c0e0dd2045814e746bb303d1eb78870d182ceb0abc726a8
  md5: 69b8b6202a07720f448be700e300ccf4
  depends:
  - libgcc-ng >=12
  license: bzip2-1.0.6
  license_family: BSD
  purls: []
  size: 254228
  timestamp: 1699279927352
- kind: conda
  name: ca-certificates
  version: 2024.2.2
  build: h56e8100_0
  subdir: win-64
  url: https://conda.anaconda.org/conda-forge/win-64/ca-certificates-2024.2.2-h56e8100_0.conda
  sha256: 4d587088ecccd393fec3420b64f1af4ee1a0e6897a45cfd5ef38055322cea5d0
  md5: 63da060240ab8087b60d1357051ea7d6
  license: ISC
  purls: []
  size: 155886
  timestamp: 1706843918052
- kind: conda
  name: ca-certificates
  version: 2024.2.2
  build: h8857fd0_0
  subdir: osx-64
  url: https://conda.anaconda.org/conda-forge/osx-64/ca-certificates-2024.2.2-h8857fd0_0.conda
  sha256: 54a794aedbb4796afeabdf54287b06b1d27f7b13b3814520925f4c2c80f58ca9
  md5: f2eacee8c33c43692f1ccfd33d0f50b1
  license: ISC
  purls: []
  size: 155665
  timestamp: 1706843838227
- kind: conda
  name: ca-certificates
  version: 2024.2.2
  build: hbcca054_0
  subdir: linux-64
  url: https://conda.anaconda.org/conda-forge/linux-64/ca-certificates-2024.2.2-hbcca054_0.conda
  sha256: 91d81bfecdbb142c15066df70cc952590ae8991670198f92c66b62019b251aeb
  md5: 2f4327a1cbe7f022401b236e915a5fef
  license: ISC
  purls: []
  size: 155432
  timestamp: 1706843687645
- kind: conda
  name: ca-certificates
  version: 2024.2.2
  build: hf0a4a13_0
  subdir: osx-arm64
  url: https://conda.anaconda.org/conda-forge/osx-arm64/ca-certificates-2024.2.2-hf0a4a13_0.conda
  sha256: 49bc3439816ac72d0c0e0f144b8cc870fdcc4adec2e861407ec818d8116b2204
  md5: fb416a1795f18dcc5a038bc2dc54edf9
  license: ISC
  purls: []
  size: 155725
  timestamp: 1706844034242
- kind: pypi
  name: certifi
  version: 2024.2.2
  url: https://files.pythonhosted.org/packages/ba/06/a07f096c664aeb9f01624f858c3add0a4e913d6c96257acb4fce61e7de14/certifi-2024.2.2-py3-none-any.whl
  sha256: dc383c07b76109f368f6106eee2b593b04a011ea4d55f652c6ca24a754d1cdd1
  requires_python: '>=3.6'
- kind: pypi
  name: charset-normalizer
  version: 3.3.2
  url: https://files.pythonhosted.org/packages/b6/7c/8debebb4f90174074b827c63242c23851bdf00a532489fba57fef3416e40/charset_normalizer-3.3.2-cp312-cp312-win_amd64.whl
  sha256: 96b02a3dc4381e5494fad39be677abcb5e6634bf7b4fa83a6dd3112607547001
  requires_python: '>=3.7.0'
- kind: pypi
  name: charset-normalizer
  version: 3.3.2
  url: https://files.pythonhosted.org/packages/ee/fb/14d30eb4956408ee3ae09ad34299131fb383c47df355ddb428a7331cfa1e/charset_normalizer-3.3.2-cp312-cp312-manylinux_2_17_x86_64.manylinux2014_x86_64.whl
  sha256: 90d558489962fd4918143277a773316e56c72da56ec7aa3dc3dbbe20fdfed15b
  requires_python: '>=3.7.0'
- kind: pypi
  name: charset-normalizer
  version: 3.3.2
  url: https://files.pythonhosted.org/packages/2e/7d/2259318c202f3d17f3fe6438149b3b9e706d1070fe3fcbb28049730bb25c/charset_normalizer-3.3.2-cp312-cp312-macosx_10_9_x86_64.whl
  sha256: ddbb2551d7e0102e7252db79ba445cdab71b26640817ab1e3e3648dad515003b
  requires_python: '>=3.7.0'
- kind: pypi
  name: charset-normalizer
  version: 3.3.2
  url: https://files.pythonhosted.org/packages/3a/52/9f9d17c3b54dc238de384c4cb5a2ef0e27985b42a0e5cc8e8a31d918d48d/charset_normalizer-3.3.2-cp312-cp312-macosx_11_0_arm64.whl
  sha256: 55086ee1064215781fff39a1af09518bc9255b50d6333f2e4c74ca09fac6a8f6
  requires_python: '>=3.7.0'
- kind: pypi
  name: idna
  version: '3.7'
  url: https://files.pythonhosted.org/packages/e5/3e/741d8c82801c347547f8a2a06aa57dbb1992be9e948df2ea0eda2c8b79e8/idna-3.7-py3-none-any.whl
  sha256: 82fee1fc78add43492d3a1898bfa6d8a904cc97d8427f683ed8e798d07761aa0
  requires_python: '>=3.5'
- kind: conda
  name: ld_impl_linux-64
  version: '2.40'
  build: hf3520f5_1
  build_number: 1
  subdir: linux-64
  url: https://conda.anaconda.org/conda-forge/linux-64/ld_impl_linux-64-2.40-hf3520f5_1.conda
  sha256: cb54a873c1c84c47f7174093889686b626946b8143905ec0f76a56785b26a304
  md5: 33b7851c39c25da14f6a233a8ccbeeca
  constrains:
  - binutils_impl_linux-64 2.40
  license: GPL-3.0-only
  purls: []
  size: 707934
  timestamp: 1716583433869
- kind: conda
  name: libexpat
  version: 2.6.2
  build: h59595ed_0
  subdir: linux-64
  url: https://conda.anaconda.org/conda-forge/linux-64/libexpat-2.6.2-h59595ed_0.conda
  sha256: 331bb7c7c05025343ebd79f86ae612b9e1e74d2687b8f3179faec234f986ce19
  md5: e7ba12deb7020dd080c6c70e7b6f6a3d
  depends:
  - libgcc-ng >=12
  constrains:
  - expat 2.6.2.*
  license: MIT
  license_family: MIT
  purls: []
  size: 73730
  timestamp: 1710362120304
- kind: conda
  name: libexpat
  version: 2.6.2
  build: h63175ca_0
  subdir: win-64
  url: https://conda.anaconda.org/conda-forge/win-64/libexpat-2.6.2-h63175ca_0.conda
  sha256: 79f612f75108f3e16bbdc127d4885bb74729cf66a8702fca0373dad89d40c4b7
  md5: bc592d03f62779511d392c175dcece64
  constrains:
  - expat 2.6.2.*
  license: MIT
  license_family: MIT
  purls: []
  size: 139224
  timestamp: 1710362609641
- kind: conda
  name: libexpat
  version: 2.6.2
  build: h73e2aa4_0
  subdir: osx-64
  url: https://conda.anaconda.org/conda-forge/osx-64/libexpat-2.6.2-h73e2aa4_0.conda
  sha256: a188a77b275d61159a32ab547f7d17892226e7dac4518d2c6ac3ac8fc8dfde92
  md5: 3d1d51c8f716d97c864d12f7af329526
  constrains:
  - expat 2.6.2.*
  license: MIT
  license_family: MIT
  purls: []
  size: 69246
  timestamp: 1710362566073
- kind: conda
  name: libexpat
  version: 2.6.2
  build: hebf3989_0
  subdir: osx-arm64
  url: https://conda.anaconda.org/conda-forge/osx-arm64/libexpat-2.6.2-hebf3989_0.conda
  sha256: ba7173ac30064ea901a4c9fb5a51846dcc25512ceb565759be7d18cbf3e5415e
  md5: e3cde7cfa87f82f7cb13d482d5e0ad09
  constrains:
  - expat 2.6.2.*
  license: MIT
  license_family: MIT
  purls: []
  size: 63655
  timestamp: 1710362424980
- kind: conda
  name: libffi
  version: 3.4.2
  build: h0d85af4_5
  build_number: 5
  subdir: osx-64
  url: https://conda.anaconda.org/conda-forge/osx-64/libffi-3.4.2-h0d85af4_5.tar.bz2
  sha256: 7a2d27a936ceee6942ea4d397f9c7d136f12549d86f7617e8b6bad51e01a941f
  md5: ccb34fb14960ad8b125962d3d79b31a9
  license: MIT
  license_family: MIT
  purls: []
  size: 51348
  timestamp: 1636488394370
- kind: conda
  name: libffi
  version: 3.4.2
  build: h3422bc3_5
  build_number: 5
  subdir: osx-arm64
  url: https://conda.anaconda.org/conda-forge/osx-arm64/libffi-3.4.2-h3422bc3_5.tar.bz2
  sha256: 41b3d13efb775e340e4dba549ab5c029611ea6918703096b2eaa9c015c0750ca
  md5: 086914b672be056eb70fd4285b6783b6
  license: MIT
  license_family: MIT
  purls: []
  size: 39020
  timestamp: 1636488587153
- kind: conda
  name: libffi
  version: 3.4.2
  build: h7f98852_5
  build_number: 5
  subdir: linux-64
  url: https://conda.anaconda.org/conda-forge/linux-64/libffi-3.4.2-h7f98852_5.tar.bz2
  sha256: ab6e9856c21709b7b517e940ae7028ae0737546122f83c2aa5d692860c3b149e
  md5: d645c6d2ac96843a2bfaccd2d62b3ac3
  depends:
  - libgcc-ng >=9.4.0
  license: MIT
  license_family: MIT
  purls: []
  size: 58292
  timestamp: 1636488182923
- kind: conda
  name: libffi
  version: 3.4.2
  build: h8ffe710_5
  build_number: 5
  subdir: win-64
  url: https://conda.anaconda.org/conda-forge/win-64/libffi-3.4.2-h8ffe710_5.tar.bz2
  sha256: 1951ab740f80660e9bc07d2ed3aefb874d78c107264fd810f24a1a6211d4b1a5
  md5: 2c96d1b6915b408893f9472569dee135
  depends:
  - vc >=14.1,<15.0a0
  - vs2015_runtime >=14.16.27012
  license: MIT
  license_family: MIT
  purls: []
  size: 42063
  timestamp: 1636489106777
- kind: conda
  name: libgcc-ng
  version: 13.2.0
  build: h77fa898_7
  build_number: 7
  subdir: linux-64
  url: https://conda.anaconda.org/conda-forge/linux-64/libgcc-ng-13.2.0-h77fa898_7.conda
  sha256: 62af2b89acbe74a21606c8410c276e57309c0a2ab8a9e8639e3c8131c0b60c92
  md5: 72ec1b1b04c4d15d4204ece1ecea5978
  depends:
  - _libgcc_mutex 0.1 conda_forge
  - _openmp_mutex >=4.5
  constrains:
  - libgomp 13.2.0 h77fa898_7
  license: GPL-3.0-only WITH GCC-exception-3.1
  license_family: GPL
  purls: []
  size: 775806
  timestamp: 1715016057793
- kind: conda
  name: libgomp
  version: 13.2.0
  build: h77fa898_7
  build_number: 7
  subdir: linux-64
  url: https://conda.anaconda.org/conda-forge/linux-64/libgomp-13.2.0-h77fa898_7.conda
  sha256: 781444fa069d3b50e8ed667b750571cacda785761c7fc2a89ece1ac49693d4ad
  md5: abf3fec87c2563697defa759dec3d639
  depends:
  - _libgcc_mutex 0.1 conda_forge
  license: GPL-3.0-only WITH GCC-exception-3.1
  license_family: GPL
  purls: []
  size: 422336
  timestamp: 1715015995979
- kind: conda
  name: libnsl
  version: 2.0.1
  build: hd590300_0
  subdir: linux-64
  url: https://conda.anaconda.org/conda-forge/linux-64/libnsl-2.0.1-hd590300_0.conda
  sha256: 26d77a3bb4dceeedc2a41bd688564fe71bf2d149fdcf117049970bc02ff1add6
  md5: 30fd6e37fe21f86f4bd26d6ee73eeec7
  depends:
  - libgcc-ng >=12
  license: LGPL-2.1-only
  license_family: GPL
  purls: []
  size: 33408
  timestamp: 1697359010159
- kind: conda
  name: libsqlite
  version: 3.45.3
  build: h091b4b1_0
  subdir: osx-arm64
  url: https://conda.anaconda.org/conda-forge/osx-arm64/libsqlite-3.45.3-h091b4b1_0.conda
  sha256: 4337f466eb55bbdc74e168b52ec8c38f598e3664244ec7a2536009036e2066cc
  md5: c8c1186c7f3351f6ffddb97b1f54fc58
  depends:
  - libzlib >=1.2.13,<1.3.0a0
  license: Unlicense
  purls: []
  size: 824794
  timestamp: 1713367748819
- kind: conda
  name: libsqlite
  version: 3.45.3
  build: h2797004_0
  subdir: linux-64
  url: https://conda.anaconda.org/conda-forge/linux-64/libsqlite-3.45.3-h2797004_0.conda
  sha256: e2273d6860eadcf714a759ffb6dc24a69cfd01f2a0ea9d6c20f86049b9334e0c
  md5: b3316cbe90249da4f8e84cd66e1cc55b
  depends:
  - libgcc-ng >=12
  - libzlib >=1.2.13,<1.3.0a0
  license: Unlicense
  purls: []
  size: 859858
  timestamp: 1713367435849
- kind: conda
  name: libsqlite
  version: 3.45.3
  build: h92b6c6a_0
  subdir: osx-64
  url: https://conda.anaconda.org/conda-forge/osx-64/libsqlite-3.45.3-h92b6c6a_0.conda
  sha256: 4d44b68fb29dcbc2216a8cae0b274b02ef9b4ae05d1d0f785362ed30b91c9b52
  md5: 68e462226209f35182ef66eda0f794ff
  depends:
  - libzlib >=1.2.13,<1.3.0a0
  license: Unlicense
  purls: []
  size: 902546
  timestamp: 1713367776445
- kind: conda
  name: libsqlite
  version: 3.45.3
  build: hcfcfb64_0
  subdir: win-64
  url: https://conda.anaconda.org/conda-forge/win-64/libsqlite-3.45.3-hcfcfb64_0.conda
  sha256: 06ec75faa51d7ec6d5db98889e869b579a9df19d7d3d9baff8359627da4a3b7e
  md5: 73f5dc8e2d55d9a1e14b11f49c3b4a28
  depends:
  - ucrt >=10.0.20348.0
  - vc >=14.2,<15
  - vc14_runtime >=14.29.30139
  license: Unlicense
  purls: []
  size: 870518
  timestamp: 1713367888406
- kind: conda
  name: libuuid
  version: 2.38.1
  build: h0b41bf4_0
  subdir: linux-64
  url: https://conda.anaconda.org/conda-forge/linux-64/libuuid-2.38.1-h0b41bf4_0.conda
  sha256: 787eb542f055a2b3de553614b25f09eefb0a0931b0c87dbcce6efdfd92f04f18
  md5: 40b61aab5c7ba9ff276c41cfffe6b80b
  depends:
  - libgcc-ng >=12
  license: BSD-3-Clause
  license_family: BSD
  purls: []
  size: 33601
  timestamp: 1680112270483
- kind: conda
  name: libzlib
  version: 1.2.13
  build: h53f4e23_5
  build_number: 5
  subdir: osx-arm64
  url: https://conda.anaconda.org/conda-forge/osx-arm64/libzlib-1.2.13-h53f4e23_5.conda
  sha256: ab1c8aefa2d54322a63aaeeefe9cf877411851738616c4068e0dccc66b9c758a
  md5: 1a47f5236db2e06a320ffa0392f81bd8
  constrains:
  - zlib 1.2.13 *_5
  license: Zlib
  license_family: Other
  purls: []
  size: 48102
  timestamp: 1686575426584
- kind: conda
  name: libzlib
  version: 1.2.13
  build: h8a1eda9_5
  build_number: 5
  subdir: osx-64
  url: https://conda.anaconda.org/conda-forge/osx-64/libzlib-1.2.13-h8a1eda9_5.conda
  sha256: fc58ad7f47ffea10df1f2165369978fba0a1cc32594aad778f5eec725f334867
  md5: 4a3ad23f6e16f99c04e166767193d700
  constrains:
  - zlib 1.2.13 *_5
  license: Zlib
  license_family: Other
  purls: []
  size: 59404
  timestamp: 1686575566695
- kind: conda
  name: libzlib
  version: 1.2.13
  build: hcfcfb64_5
  build_number: 5
  subdir: win-64
  url: https://conda.anaconda.org/conda-forge/win-64/libzlib-1.2.13-hcfcfb64_5.conda
  sha256: c161822ee8130b71e08b6d282b9919c1de2c5274b29921a867bca0f7d30cad26
  md5: 5fdb9c6a113b6b6cb5e517fd972d5f41
  depends:
  - ucrt >=10.0.20348.0
  - vc >=14.2,<15
  - vc14_runtime >=14.29.30139
  constrains:
  - zlib 1.2.13 *_5
  license: Zlib
  license_family: Other
  purls: []
  size: 55800
  timestamp: 1686575452215
- kind: conda
  name: libzlib
  version: 1.2.13
  build: hd590300_5
  build_number: 5
  subdir: linux-64
  url: https://conda.anaconda.org/conda-forge/linux-64/libzlib-1.2.13-hd590300_5.conda
  sha256: 370c7c5893b737596fd6ca0d9190c9715d89d888b8c88537ae1ef168c25e82e4
  md5: f36c115f1ee199da648e0597ec2047ad
  depends:
  - libgcc-ng >=12
  constrains:
  - zlib 1.2.13 *_5
  license: Zlib
  license_family: Other
  purls: []
  size: 61588
  timestamp: 1686575217516
- kind: conda
  name: ncurses
  version: '6.5'
  build: h5846eda_0
  subdir: osx-64
  url: https://conda.anaconda.org/conda-forge/osx-64/ncurses-6.5-h5846eda_0.conda
  sha256: 6ecc73db0e49143092c0934355ac41583a5d5a48c6914c5f6ca48e562d3a4b79
  md5: 02a888433d165c99bf09784a7b14d900
  license: X11 AND BSD-3-Clause
  purls: []
  size: 823601
  timestamp: 1715195267791
- kind: conda
  name: ncurses
  version: '6.5'
  build: h59595ed_0
  subdir: linux-64
  url: https://conda.anaconda.org/conda-forge/linux-64/ncurses-6.5-h59595ed_0.conda
  sha256: 4fc3b384f4072b68853a0013ea83bdfd3d66b0126e2238e1d6e1560747aa7586
  md5: fcea371545eda051b6deafb24889fc69
  depends:
  - libgcc-ng >=12
  license: X11 AND BSD-3-Clause
  purls: []
  size: 887465
  timestamp: 1715194722503
- kind: conda
  name: ncurses
  version: '6.5'
  build: hb89a1cb_0
  subdir: osx-arm64
  url: https://conda.anaconda.org/conda-forge/osx-arm64/ncurses-6.5-hb89a1cb_0.conda
  sha256: 87d7cf716d9d930dab682cb57b3b8d3a61940b47d6703f3529a155c938a6990a
  md5: b13ad5724ac9ae98b6b4fd87e4500ba4
  license: X11 AND BSD-3-Clause
  purls: []
  size: 795131
  timestamp: 1715194898402
- kind: conda
  name: openssl
  version: 3.3.0
  build: h2466b09_3
  build_number: 3
  subdir: win-64
  url: https://conda.anaconda.org/conda-forge/win-64/openssl-3.3.0-h2466b09_3.conda
  sha256: 11b2513fceb20102bdc7f7656a59005acb9ecd0886b7cbfb9c13c2c953f2429b
  md5: d7fec5d3bb8fc0c8e266bf1ad350cec5
  depends:
  - ca-certificates
  - ucrt >=10.0.20348.0
  - vc >=14.2,<15
  - vc14_runtime >=14.29.30139
  constrains:
  - pyopenssl >=22.1
  license: Apache-2.0
  license_family: Apache
  purls: []
  size: 8368468
  timestamp: 1716471282135
- kind: conda
  name: openssl
  version: 3.3.0
  build: h4ab18f5_3
  build_number: 3
  subdir: linux-64
  url: https://conda.anaconda.org/conda-forge/linux-64/openssl-3.3.0-h4ab18f5_3.conda
  sha256: 33dcea0ed3a61b2de6b66661cdd55278640eb99d676cd129fbff3e53641fa125
  md5: 12ea6d0d4ed54530eaed18e4835c1f7c
  depends:
  - ca-certificates
  - libgcc-ng >=12
  constrains:
  - pyopenssl >=22.1
  license: Apache-2.0
  license_family: Apache
  purls: []
  size: 2891147
  timestamp: 1716468354865
- kind: conda
  name: openssl
  version: 3.3.0
  build: h87427d6_3
  build_number: 3
  subdir: osx-64
  url: https://conda.anaconda.org/conda-forge/osx-64/openssl-3.3.0-h87427d6_3.conda
  sha256: 58ffbdce44ac18c6632a2ce1531d06e3fb2e855d40728ba3a2b709158b9a1c33
  md5: ec504fefb403644d893adffb6e7a2dbe
  depends:
  - __osx >=10.13
  - ca-certificates
  constrains:
  - pyopenssl >=22.1
  license: Apache-2.0
  license_family: Apache
  purls: []
  size: 2542959
  timestamp: 1716468436467
- kind: conda
  name: openssl
  version: 3.3.0
  build: hfb2fe0b_3
  build_number: 3
  subdir: osx-arm64
  url: https://conda.anaconda.org/conda-forge/osx-arm64/openssl-3.3.0-hfb2fe0b_3.conda
  sha256: 6f41c163ab57e7499dff092be4498614651f0f6432e12c2b9f06859a8bc39b75
  md5: 730f618b008b3c13c1e3f973408ddd67
  depends:
  - __osx >=11.0
  - ca-certificates
  constrains:
  - pyopenssl >=22.1
  license: Apache-2.0
  license_family: Apache
  purls: []
  size: 2893954
  timestamp: 1716468329572
- kind: conda
  name: python
  version: 3.12.0
  build: h2628c8c_0_cpython
  subdir: win-64
  url: https://conda.anaconda.org/conda-forge/win-64/python-3.12.0-h2628c8c_0_cpython.conda
  sha256: 90553586879bf328f2f9efb8d8faa958ecba822faf379f0a20c3461467b9b955
  md5: defd5d375853a2caff36a19d2d81a28e
  depends:
  - bzip2 >=1.0.8,<2.0a0
  - libexpat >=2.5.0,<3.0a0
  - libffi >=3.4,<4.0a0
  - libsqlite >=3.43.0,<4.0a0
  - libzlib >=1.2.13,<1.3.0a0
  - openssl >=3.1.3,<4.0a0
  - tk >=8.6.13,<8.7.0a0
  - tzdata
  - ucrt >=10.0.20348.0
  - vc >=14.2,<15
  - vc14_runtime >=14.29.30139
  - xz >=5.2.6,<6.0a0
  constrains:
  - python_abi 3.12.* *_cp312
  license: Python-2.0
  purls: []
  size: 16140836
  timestamp: 1696321871976
- kind: conda
  name: python
  version: 3.12.0
  build: h30d4d87_0_cpython
  subdir: osx-64
  url: https://conda.anaconda.org/conda-forge/osx-64/python-3.12.0-h30d4d87_0_cpython.conda
  sha256: 0a1ed3983acbd0528bef5216179e46170f024f4409032875b27865568fef46a1
  md5: d11dc8f4551011fb6baa2865f1ead48f
  depends:
  - bzip2 >=1.0.8,<2.0a0
  - libexpat >=2.5.0,<3.0a0
  - libffi >=3.4,<4.0a0
  - libsqlite >=3.43.0,<4.0a0
  - libzlib >=1.2.13,<1.3.0a0
  - ncurses >=6.4,<7.0a0
  - openssl >=3.1.3,<4.0a0
  - readline >=8.2,<9.0a0
  - tk >=8.6.13,<8.7.0a0
  - tzdata
  - xz >=5.2.6,<6.0a0
  constrains:
  - python_abi 3.12.* *_cp312
  license: Python-2.0
  purls: []
  size: 14529683
  timestamp: 1696323482650
- kind: conda
  name: python
  version: 3.12.0
  build: h47c9636_0_cpython
  subdir: osx-arm64
  url: https://conda.anaconda.org/conda-forge/osx-arm64/python-3.12.0-h47c9636_0_cpython.conda
  sha256: eb66f8f249caa9d5a956c3a407f079e4779d652ebfc2a4b4f50dcea078e84fa8
  md5: ed8ae98b1b510de68392971b9367d18c
  depends:
  - bzip2 >=1.0.8,<2.0a0
  - libexpat >=2.5.0,<3.0a0
  - libffi >=3.4,<4.0a0
  - libsqlite >=3.43.0,<4.0a0
  - libzlib >=1.2.13,<1.3.0a0
  - ncurses >=6.4,<7.0a0
  - openssl >=3.1.3,<4.0a0
  - readline >=8.2,<9.0a0
  - tk >=8.6.13,<8.7.0a0
  - tzdata
  - xz >=5.2.6,<6.0a0
  constrains:
  - python_abi 3.12.* *_cp312
  license: Python-2.0
  purls: []
  size: 13306758
  timestamp: 1696322682581
- kind: conda
  name: python
  version: 3.12.0
  build: hab00c5b_0_cpython
  subdir: linux-64
  url: https://conda.anaconda.org/conda-forge/linux-64/python-3.12.0-hab00c5b_0_cpython.conda
  sha256: 5398ebae6a1ccbfd3f76361eac75f3ac071527a8072627c4bf9008c689034f48
  md5: 7f97faab5bebcc2580f4f299285323da
  depends:
  - bzip2 >=1.0.8,<2.0a0
  - ld_impl_linux-64 >=2.36.1
  - libexpat >=2.5.0,<3.0a0
  - libffi >=3.4,<4.0a0
  - libgcc-ng >=12
  - libnsl >=2.0.0,<2.1.0a0
  - libsqlite >=3.43.0,<4.0a0
  - libuuid >=2.38.1,<3.0a0
  - libzlib >=1.2.13,<1.3.0a0
  - ncurses >=6.4,<7.0a0
  - openssl >=3.1.3,<4.0a0
  - readline >=8.2,<9.0a0
  - tk >=8.6.13,<8.7.0a0
  - tzdata
  - xz >=5.2.6,<6.0a0
  constrains:
  - python_abi 3.12.* *_cp312
  license: Python-2.0
  purls: []
  size: 32123473
  timestamp: 1696324522323
- kind: conda
  name: readline
  version: '8.2'
  build: h8228510_1
  build_number: 1
  subdir: linux-64
  url: https://conda.anaconda.org/conda-forge/linux-64/readline-8.2-h8228510_1.conda
  sha256: 5435cf39d039387fbdc977b0a762357ea909a7694d9528ab40f005e9208744d7
  md5: 47d31b792659ce70f470b5c82fdfb7a4
  depends:
  - libgcc-ng >=12
  - ncurses >=6.3,<7.0a0
  license: GPL-3.0-only
  license_family: GPL
  purls: []
  size: 281456
  timestamp: 1679532220005
- kind: conda
  name: readline
  version: '8.2'
  build: h92ec313_1
  build_number: 1
  subdir: osx-arm64
  url: https://conda.anaconda.org/conda-forge/osx-arm64/readline-8.2-h92ec313_1.conda
  sha256: a1dfa679ac3f6007362386576a704ad2d0d7a02e98f5d0b115f207a2da63e884
  md5: 8cbb776a2f641b943d413b3e19df71f4
  depends:
  - ncurses >=6.3,<7.0a0
  license: GPL-3.0-only
  license_family: GPL
  purls: []
  size: 250351
  timestamp: 1679532511311
- kind: conda
  name: readline
  version: '8.2'
  build: h9e318b2_1
  build_number: 1
  subdir: osx-64
  url: https://conda.anaconda.org/conda-forge/osx-64/readline-8.2-h9e318b2_1.conda
  sha256: 41e7d30a097d9b060037f0c6a2b1d4c4ae7e942c06c943d23f9d481548478568
  md5: f17f77f2acf4d344734bda76829ce14e
  depends:
  - ncurses >=6.3,<7.0a0
  license: GPL-3.0-only
  license_family: GPL
  purls: []
  size: 255870
  timestamp: 1679532707590
- kind: pypi
  name: requests
  version: 2.31.0
  path: ./links/requests-2.31.0-py3-none-any.whl
  requires_dist:
  - charset-normalizer<4,>=2
  - idna<4,>=2.5
  - urllib3<3,>=1.21.1
  - certifi>=2017.4.17
  - pysocks!=1.5.7,>=1.5.6 ; extra == 'socks'
  - chardet<6,>=3.0.2 ; extra == 'use_chardet_on_py3'
  requires_python: '>=3.7'
- kind: conda
  name: tk
  version: 8.6.13
  build: h1abcd95_1
  build_number: 1
  subdir: osx-64
  url: https://conda.anaconda.org/conda-forge/osx-64/tk-8.6.13-h1abcd95_1.conda
  sha256: 30412b2e9de4ff82d8c2a7e5d06a15f4f4fef1809a72138b6ccb53a33b26faf5
  md5: bf830ba5afc507c6232d4ef0fb1a882d
  depends:
  - libzlib >=1.2.13,<1.3.0a0
  license: TCL
  license_family: BSD
  purls: []
  size: 3270220
  timestamp: 1699202389792
- kind: conda
  name: tk
  version: 8.6.13
  build: h5083fa2_1
  build_number: 1
  subdir: osx-arm64
  url: https://conda.anaconda.org/conda-forge/osx-arm64/tk-8.6.13-h5083fa2_1.conda
  sha256: 72457ad031b4c048e5891f3f6cb27a53cb479db68a52d965f796910e71a403a8
  md5: b50a57ba89c32b62428b71a875291c9b
  depends:
  - libzlib >=1.2.13,<1.3.0a0
  license: TCL
  license_family: BSD
  purls: []
  size: 3145523
  timestamp: 1699202432999
- kind: conda
  name: tk
  version: 8.6.13
  build: h5226925_1
  build_number: 1
  subdir: win-64
  url: https://conda.anaconda.org/conda-forge/win-64/tk-8.6.13-h5226925_1.conda
  sha256: 2c4e914f521ccb2718946645108c9bd3fc3216ba69aea20c2c3cedbd8db32bb1
  md5: fc048363eb8f03cd1737600a5d08aafe
  depends:
  - ucrt >=10.0.20348.0
  - vc >=14.2,<15
  - vc14_runtime >=14.29.30139
  license: TCL
  license_family: BSD
  purls: []
  size: 3503410
  timestamp: 1699202577803
- kind: conda
  name: tk
  version: 8.6.13
  build: noxft_h4845f30_101
  build_number: 101
  subdir: linux-64
  url: https://conda.anaconda.org/conda-forge/linux-64/tk-8.6.13-noxft_h4845f30_101.conda
  sha256: e0569c9caa68bf476bead1bed3d79650bb080b532c64a4af7d8ca286c08dea4e
  md5: d453b98d9c83e71da0741bb0ff4d76bc
  depends:
  - libgcc-ng >=12
  - libzlib >=1.2.13,<1.3.0a0
  license: TCL
  license_family: BSD
  purls: []
  size: 3318875
  timestamp: 1699202167581
- kind: conda
  name: tzdata
  version: 2024a
  build: h0c530f3_0
  subdir: noarch
  noarch: generic
  url: https://conda.anaconda.org/conda-forge/noarch/tzdata-2024a-h0c530f3_0.conda
  sha256: 7b2b69c54ec62a243eb6fba2391b5e443421608c3ae5dbff938ad33ca8db5122
  md5: 161081fc7cec0bfda0d86d7cb595f8d8
  license: LicenseRef-Public-Domain
  purls: []
  size: 119815
  timestamp: 1706886945727
- kind: conda
  name: ucrt
  version: 10.0.22621.0
  build: h57928b3_0
  subdir: win-64
  url: https://conda.anaconda.org/conda-forge/win-64/ucrt-10.0.22621.0-h57928b3_0.tar.bz2
  sha256: f29cdaf8712008f6b419b8b1a403923b00ab2504bfe0fb2ba8eb60e72d4f14c6
  md5: 72608f6cd3e5898229c3ea16deb1ac43
  constrains:
  - vs2015_runtime >=14.29.30037
  license: LicenseRef-Proprietary
  license_family: PROPRIETARY
  purls: []
  size: 1283972
  timestamp: 1666630199266
- kind: pypi
  name: urllib3
  version: 2.2.1
  url: https://files.pythonhosted.org/packages/a2/73/a68704750a7679d0b6d3ad7aa8d4da8e14e151ae82e6fee774e6e0d05ec8/urllib3-2.2.1-py3-none-any.whl
  sha256: 450b20ec296a467077128bff42b73080516e71b56ff59a60a02bef2232c4fa9d
  requires_dist:
  - brotli>=1.0.9 ; platform_python_implementation == 'CPython' and extra == 'brotli'
  - brotlicffi>=0.8.0 ; platform_python_implementation != 'CPython' and extra == 'brotli'
  - h2<5,>=4 ; extra == 'h2'
  - pysocks!=1.5.7,<2.0,>=1.5.6 ; extra == 'socks'
  - zstandard>=0.18.0 ; extra == 'zstd'
  requires_python: '>=3.8'
- kind: conda
  name: vc
  version: '14.3'
  build: ha32ba9b_20
  build_number: 20
  subdir: win-64
  url: https://conda.anaconda.org/conda-forge/win-64/vc-14.3-ha32ba9b_20.conda
  sha256: 16cb562ce210ee089060f4aa52f3225a571c83885632a870ea2297d460e3bb00
  md5: 2abfb5cb1b9d41a50f765d60f0be563d
  depends:
  - vc14_runtime >=14.38.33135
  track_features:
  - vc14
  license: BSD-3-Clause
  license_family: BSD
  purls: []
  size: 17122
  timestamp: 1716231244564
- kind: conda
  name: vc14_runtime
  version: 14.38.33135
  build: h835141b_20
  build_number: 20
  subdir: win-64
  url: https://conda.anaconda.org/conda-forge/win-64/vc14_runtime-14.38.33135-h835141b_20.conda
  sha256: 05b07e0dd3fd49dcc98a365ff661ed6b65e2f0266b4bb03d273131ffdba663be
  md5: e971b35a5765862fabc4ba6e5ddf9470
  depends:
  - ucrt >=10.0.20348.0
  constrains:
  - vs2015_runtime 14.38.33135.* *_20
  license: LicenseRef-ProprietaryMicrosoft
  license_family: Proprietary
  purls: []
  size: 744189
  timestamp: 1716231234745
- kind: conda
  name: vs2015_runtime
  version: 14.38.33135
  build: h22015db_20
  build_number: 20
  subdir: win-64
  url: https://conda.anaconda.org/conda-forge/win-64/vs2015_runtime-14.38.33135-h22015db_20.conda
  sha256: 2cebabc39766ea051e577762d813ad4151e9d0ff96f3ff3374d575a272951416
  md5: bb4f5ab332e46e1b022d8842e72905b1
  depends:
  - vc14_runtime >=14.38.33135
  license: BSD-3-Clause
  license_family: BSD
  purls: []
  size: 17124
  timestamp: 1716231247457
- kind: conda
  name: xz
  version: 5.2.6
  build: h166bdaf_0
  subdir: linux-64
  url: https://conda.anaconda.org/conda-forge/linux-64/xz-5.2.6-h166bdaf_0.tar.bz2
  sha256: 03a6d28ded42af8a347345f82f3eebdd6807a08526d47899a42d62d319609162
  md5: 2161070d867d1b1204ea749c8eec4ef0
  depends:
  - libgcc-ng >=12
  license: LGPL-2.1 and GPL-2.0
  purls: []
  size: 418368
  timestamp: 1660346797927
- kind: conda
  name: xz
  version: 5.2.6
  build: h57fd34a_0
  subdir: osx-arm64
  url: https://conda.anaconda.org/conda-forge/osx-arm64/xz-5.2.6-h57fd34a_0.tar.bz2
  sha256: 59d78af0c3e071021cfe82dc40134c19dab8cdf804324b62940f5c8cd71803ec
  md5: 39c6b54e94014701dd157f4f576ed211
  license: LGPL-2.1 and GPL-2.0
  purls: []
  size: 235693
  timestamp: 1660346961024
- kind: conda
  name: xz
  version: 5.2.6
  build: h775f41a_0
  subdir: osx-64
  url: https://conda.anaconda.org/conda-forge/osx-64/xz-5.2.6-h775f41a_0.tar.bz2
  sha256: eb09823f34cc2dd663c0ec4ab13f246f45dcd52e5b8c47b9864361de5204a1c8
  md5: a72f9d4ea13d55d745ff1ed594747f10
  license: LGPL-2.1 and GPL-2.0
  purls: []
  size: 238119
  timestamp: 1660346964847
- kind: conda
  name: xz
  version: 5.2.6
  build: h8d14728_0
  subdir: win-64
  url: https://conda.anaconda.org/conda-forge/win-64/xz-5.2.6-h8d14728_0.tar.bz2
  sha256: 54d9778f75a02723784dc63aff4126ff6e6749ba21d11a6d03c1f4775f269fe0
  md5: 515d77642eaa3639413c6b1bc3f94219
  depends:
  - vc >=14.1,<15
  - vs2015_runtime >=14.16.27033
  license: LGPL-2.1 and GPL-2.0
  purls: []
  size: 217804
  timestamp: 1660346976440
