version: 2
metadata:
  content_hash:
    linux-64: e90c2ee71ad70fc0a1c8302029533a7d1498f2bffcd0eaa8d2934700e775dc1d
  channels:
  - url: https://conda.anaconda.org/conda-forge/
    used_env_vars: []
  platforms:
  - linux-64
  sources: []
  time_metadata: null
  git_metadata: null
  inputs_metadata: null
  custom_metadata: null
package:
- platform: linux-64
  name: _libgcc_mutex
  version: '0.1'
  category: main
  manager: conda
  dependencies: []
  url: https://conda.anaconda.org/conda-forge/linux-64/_libgcc_mutex-0.1-conda_forge.tar.bz2
  hash:
    md5: d7c89558ba9fa0495403155b64376d81
    sha256: fe51de6107f9edc7aa4f786a70f4a883943bc9d39b3bb7307c04c41410990726
  build: conda_forge
  arch: x86_64
  subdir: linux-64
  build_number: 0
  license: None
  size: 2562
  timestamp: 1578324546067
- platform: linux-64
  name: _openmp_mutex
  version: '4.5'
  category: main
  manager: conda
  dependencies:
  - _libgcc_mutex 0.1 conda_forge
  - libgomp >=7.5.0
  url: https://conda.anaconda.org/conda-forge/linux-64/_openmp_mutex-4.5-2_gnu.tar.bz2
  hash:
    md5: 73aaf86a425cc6e73fcf236a5a46396d
    sha256: fbe2c5e56a653bebb982eda4876a9178aedfc2b545f25d0ce9c4c0b508253d22
  build: 2_gnu
  arch: x86_64
  subdir: linux-64
  build_number: 16
  constrains:
  - openmp_impl 9999
  license: BSD-3-Clause
  license_family: BSD
  size: 23621
  timestamp: 1650670423406
- platform: linux-64
  name: bzip2
  version: 1.0.8
  category: main
  manager: conda
  dependencies:
  - libgcc-ng >=12
  url: https://conda.anaconda.org/conda-forge/linux-64/bzip2-1.0.8-hd590300_5.conda
  hash:
    md5: 69b8b6202a07720f448be700e300ccf4
    sha256: 242c0c324507ee172c0e0dd2045814e746bb303d1eb78870d182ceb0abc726a8
  build: hd590300_5
  arch: x86_64
  subdir: linux-64
  build_number: 5
  license: bzip2-1.0.6
  license_family: BSD
  size: 254228
  timestamp: 1699279927352
- platform: linux-64
  name: ca-certificates
  version: 2023.11.17
  category: main
  manager: conda
  dependencies: []
  url: https://conda.anaconda.org/conda-forge/linux-64/ca-certificates-2023.11.17-hbcca054_0.conda
  hash:
    md5: 01ffc8d36f9eba0ce0b3c1955fa780ee
    sha256: fb4b9f4b7d885002db0b93e22f44b5b03791ef3d4efdc9d0662185a0faafd6b6
  build: hbcca054_0
  arch: x86_64
  subdir: linux-64
  build_number: 0
  license: ISC
  size: 154117
  timestamp: 1700280881924
- platform: linux-64
  name: joblib
  version: 1.3.2
  category: main
  manager: conda
  dependencies:
  - python >=3.7
  - setuptools
  url: https://conda.anaconda.org/conda-forge/noarch/joblib-1.3.2-pyhd8ed1ab_0.conda
  hash:
    md5: 4da50d410f553db77e62ab62ffaa1abc
    sha256: 31e05d47970d956206188480b038829d24ac11fe8216409d8584d93d40233878
  build: pyhd8ed1ab_0
  arch: x86_64
  subdir: linux-64
  build_number: 0
  license: BSD-3-Clause
  license_family: BSD
  noarch: python
  size: 221200
  timestamp: 1691577306309
- platform: linux-64
  name: ld_impl_linux-64
  version: '2.40'
  category: main
  manager: conda
  dependencies: []
  url: https://conda.anaconda.org/conda-forge/linux-64/ld_impl_linux-64-2.40-h41732ed_0.conda
  hash:
    md5: 7aca3059a1729aa76c597603f10b0dd3
    sha256: f6cc89d887555912d6c61b295d398cff9ec982a3417d38025c45d5dd9b9e79cd
  build: h41732ed_0
  arch: x86_64
  subdir: linux-64
  build_number: 0
  constrains:
  - binutils_impl_linux-64 2.40
  license: GPL-3.0-only
  license_family: GPL
  size: 704696
  timestamp: 1674833944779
- platform: linux-64
  name: libblas
  version: 3.9.0
  category: main
  manager: conda
  dependencies:
  - libopenblas >=0.3.25,<0.3.26.0a0
  - libopenblas >=0.3.25,<1.0a0
  url: https://conda.anaconda.org/conda-forge/linux-64/libblas-3.9.0-20_linux64_openblas.conda
  hash:
    md5: 2b7bb4f7562c8cf334fc2e20c2d28abc
    sha256: 8a0ee1de693a9b3da4a11b95ec81b40dd434bd01fa1f5f38f8268cd2146bf8f0
  build: 20_linux64_openblas
  arch: x86_64
  subdir: linux-64
  build_number: 20
  constrains:
  - liblapacke 3.9.0 20_linux64_openblas
  - libcblas 3.9.0 20_linux64_openblas
  - blas * openblas
  - liblapack 3.9.0 20_linux64_openblas
  license: BSD-3-Clause
  license_family: BSD
  size: 14433
  timestamp: 1700568383457
- platform: linux-64
  name: libcblas
  version: 3.9.0
  category: main
  manager: conda
  dependencies:
  - libblas 3.9.0 20_linux64_openblas
  url: https://conda.anaconda.org/conda-forge/linux-64/libcblas-3.9.0-20_linux64_openblas.conda
  hash:
    md5: 36d486d72ab64ffea932329a1d3729a3
    sha256: 0e34fb0f82262f02fcb279ab4a1db8d50875dc98e3019452f8f387e6bf3c0247
  build: 20_linux64_openblas
  arch: x86_64
  subdir: linux-64
  build_number: 20
  constrains:
  - liblapacke 3.9.0 20_linux64_openblas
  - blas * openblas
  - liblapack 3.9.0 20_linux64_openblas
  license: BSD-3-Clause
  license_family: BSD
  size: 14383
  timestamp: 1700568410580
- platform: linux-64
  name: libexpat
  version: 2.5.0
  category: main
  manager: conda
  dependencies:
  - libgcc-ng >=12
  url: https://conda.anaconda.org/conda-forge/linux-64/libexpat-2.5.0-hcb278e6_1.conda
  hash:
    md5: 6305a3dd2752c76335295da4e581f2fd
    sha256: 74c98a563777ae2ad71f1f74d458a8ab043cee4a513467c159ccf159d0e461f3
  build: hcb278e6_1
  arch: x86_64
  subdir: linux-64
  build_number: 1
  constrains:
  - expat 2.5.0.*
  license: MIT
  license_family: MIT
  size: 77980
  timestamp: 1680190528313
- platform: linux-64
  name: libffi
  version: 3.4.2
  category: main
  manager: conda
  dependencies:
  - libgcc-ng >=9.4.0
  url: https://conda.anaconda.org/conda-forge/linux-64/libffi-3.4.2-h7f98852_5.tar.bz2
  hash:
    md5: d645c6d2ac96843a2bfaccd2d62b3ac3
    sha256: ab6e9856c21709b7b517e940ae7028ae0737546122f83c2aa5d692860c3b149e
  build: h7f98852_5
  arch: x86_64
  subdir: linux-64
  build_number: 5
  license: MIT
  license_family: MIT
  size: 58292
  timestamp: 1636488182923
- platform: linux-64
  name: libgcc-ng
  version: 13.2.0
  category: main
  manager: conda
  dependencies:
  - _libgcc_mutex 0.1 conda_forge
  - _openmp_mutex >=4.5
  url: https://conda.anaconda.org/conda-forge/linux-64/libgcc-ng-13.2.0-h807b86a_3.conda
  hash:
    md5: 23fdf1fef05baeb7eadc2aed5fb0011f
    sha256: 5e88f658e07a30ab41b154b42c59f079b168acfa9551a75bdc972099453f4105
  build: h807b86a_3
  arch: x86_64
  subdir: linux-64
  build_number: 3
  constrains:
  - libgomp 13.2.0 h807b86a_3
  license: GPL-3.0-only WITH GCC-exception-3.1
  license_family: GPL
  size: 773629
  timestamp: 1699753612541
- platform: linux-64
  name: libgfortran-ng
  version: 13.2.0
  category: main
  manager: conda
  dependencies:
  - libgfortran5 13.2.0 ha4646dd_3
  url: https://conda.anaconda.org/conda-forge/linux-64/libgfortran-ng-13.2.0-h69a702a_3.conda
  hash:
    md5: 73031c79546ad06f1fe62e57fdd021bc
    sha256: 5b918950b84605b6865de438757f507b1eff73c96fd562f7022c80028b088c14
  build: h69a702a_3
  arch: x86_64
  subdir: linux-64
  build_number: 3
  license: GPL-3.0-only WITH GCC-exception-3.1
  license_family: GPL
  size: 23837
  timestamp: 1699753845201
- platform: linux-64
  name: libgfortran5
  version: 13.2.0
  category: main
  manager: conda
  dependencies:
  - libgcc-ng >=13.2.0
  url: https://conda.anaconda.org/conda-forge/linux-64/libgfortran5-13.2.0-ha4646dd_3.conda
  hash:
    md5: c714d905cdfa0e70200f68b80cc04764
    sha256: 0084a1d29a4f8ee3b8edad80eb6c42e5f0480f054f28cf713fb314bebb347a50
  build: ha4646dd_3
  arch: x86_64
  subdir: linux-64
  build_number: 3
  constrains:
  - libgfortran-ng 13.2.0
  license: GPL-3.0-only WITH GCC-exception-3.1
  license_family: GPL
  size: 1436929
  timestamp: 1699753630186
- platform: linux-64
  name: libgomp
  version: 13.2.0
  category: main
  manager: conda
  dependencies:
  - _libgcc_mutex 0.1 conda_forge
  url: https://conda.anaconda.org/conda-forge/linux-64/libgomp-13.2.0-h807b86a_3.conda
  hash:
    md5: 7124cbb46b13d395bdde68f2d215c989
    sha256: 6ebedee39b6bbbc969715d0d7fa4b381cce67e1139862604ffa393f821c08e81
  build: h807b86a_3
  arch: x86_64
  subdir: linux-64
  build_number: 3
  license: GPL-3.0-only WITH GCC-exception-3.1
  license_family: GPL
  size: 421834
  timestamp: 1699753531479
- platform: linux-64
  name: liblapack
  version: 3.9.0
  category: main
  manager: conda
  dependencies:
  - libblas 3.9.0 20_linux64_openblas
  url: https://conda.anaconda.org/conda-forge/linux-64/liblapack-3.9.0-20_linux64_openblas.conda
  hash:
    md5: 6fabc51f5e647d09cc010c40061557e0
    sha256: ad7745b8d0f2ccb9c3ba7aaa7167d62fc9f02e45eb67172ae5f0dfb5a3b1a2cc
  build: 20_linux64_openblas
  arch: x86_64
  subdir: linux-64
  build_number: 20
  constrains:
  - liblapacke 3.9.0 20_linux64_openblas
  - libcblas 3.9.0 20_linux64_openblas
  - blas * openblas
  license: BSD-3-Clause
  license_family: BSD
  size: 14350
  timestamp: 1700568424034
- platform: linux-64
  name: libnsl
  version: 2.0.1
  category: main
  manager: conda
  dependencies:
  - libgcc-ng >=12
  url: https://conda.anaconda.org/conda-forge/linux-64/libnsl-2.0.1-hd590300_0.conda
  hash:
    md5: 30fd6e37fe21f86f4bd26d6ee73eeec7
    sha256: 26d77a3bb4dceeedc2a41bd688564fe71bf2d149fdcf117049970bc02ff1add6
  build: hd590300_0
  arch: x86_64
  subdir: linux-64
  build_number: 0
  license: LGPL-2.1-only
  license_family: GPL
  size: 33408
  timestamp: 1697359010159
- platform: linux-64
  name: libopenblas
  version: 0.3.25
  category: main
  manager: conda
  dependencies:
  - libgcc-ng >=12
  - libgfortran-ng
  - libgfortran5 >=12.3.0
  url: https://conda.anaconda.org/conda-forge/linux-64/libopenblas-0.3.25-pthreads_h413a1c8_0.conda
  hash:
    md5: d172b34a443b95f86089e8229ddc9a17
    sha256: 628564517895ee1b09cf72c817548bd80ef1acce6a8214a8520d9f7b44c4cfaf
  build: pthreads_h413a1c8_0
  arch: x86_64
  subdir: linux-64
  build_number: 0
  constrains:
  - openblas >=0.3.25,<0.3.26.0a0
  license: BSD-3-Clause
  license_family: BSD
  size: 5545169
  timestamp: 1700536004164
- platform: linux-64
  name: libsqlite
  version: 3.44.1
  category: main
  manager: conda
  dependencies:
  - libgcc-ng >=12
  - libzlib >=1.2.13,<1.3.0a0
  url: https://conda.anaconda.org/conda-forge/linux-64/libsqlite-3.44.1-h2797004_0.conda
  hash:
    md5: b4ad86d2527b890e43ff2efc68b239f4
    sha256: c37bb6ec8b09f690d84e8f14fabb75e00c221d11a256137d5b206e26f37e9483
  build: h2797004_0
  arch: x86_64
  subdir: linux-64
  build_number: 0
  license: Unlicense
  size: 846227
  timestamp: 1700684372427
- platform: linux-64
  name: libstdcxx-ng
  version: 13.2.0
  category: main
  manager: conda
  dependencies: []
  url: https://conda.anaconda.org/conda-forge/linux-64/libstdcxx-ng-13.2.0-h7e041cc_3.conda
  hash:
    md5: 937eaed008f6bf2191c5fe76f87755e9
    sha256: 6c6c49efedcc5709a66f19fb6b26b69c6a5245310fd1d9a901fd5e38aaf7f882
  build: h7e041cc_3
  arch: x86_64
  subdir: linux-64
  build_number: 3
  license: GPL-3.0-only WITH GCC-exception-3.1
  license_family: GPL
  size: 3842940
  timestamp: 1699753676253
- platform: linux-64
  name: libuuid
  version: 2.38.1
  category: main
  manager: conda
  dependencies:
  - libgcc-ng >=12
  url: https://conda.anaconda.org/conda-forge/linux-64/libuuid-2.38.1-h0b41bf4_0.conda
  hash:
    md5: 40b61aab5c7ba9ff276c41cfffe6b80b
    sha256: 787eb542f055a2b3de553614b25f09eefb0a0931b0c87dbcce6efdfd92f04f18
  build: h0b41bf4_0
  arch: x86_64
  subdir: linux-64
  build_number: 0
  license: BSD-3-Clause
  license_family: BSD
  size: 33601
  timestamp: 1680112270483
- platform: linux-64
  name: libzlib
  version: 1.2.13
  category: main
  manager: conda
  dependencies:
  - libgcc-ng >=12
  url: https://conda.anaconda.org/conda-forge/linux-64/libzlib-1.2.13-hd590300_5.conda
  hash:
    md5: f36c115f1ee199da648e0597ec2047ad
    sha256: 370c7c5893b737596fd6ca0d9190c9715d89d888b8c88537ae1ef168c25e82e4
  build: hd590300_5
  arch: x86_64
  subdir: linux-64
  build_number: 5
  constrains:
  - zlib 1.2.13 *_5
  license: Zlib
  license_family: Other
  size: 61588
  timestamp: 1686575217516
- platform: linux-64
  name: lightgbm
  version: 4.1.0
  category: main
  manager: conda
  dependencies:
  - _openmp_mutex >=4.5
  - libgcc-ng >=12
  - libstdcxx-ng >=12
  - numpy
  - python >=3.12,<3.13.0a0
  - python_abi 3.12.* *_cp312
  - scipy
  url: https://conda.anaconda.org/conda-forge/linux-64/lightgbm-4.1.0-py312h30efb56_2.conda
  hash:
    md5: 32f42cf56a831adfd2e407e2a3e6ba4d
    sha256: 7818f0c08d24f4f9d3911a2c8d6b4bb7eaaaae1e2af9aed0fbd4f29be373ac67
  build: py312h30efb56_2
  arch: x86_64
  subdir: linux-64
  build_number: 2
  license: MIT
  license_family: MIT
  size: 2320977
  timestamp: 1698242374891
- platform: linux-64
  name: ncurses
  version: '6.4'
  category: main
  manager: conda
  dependencies:
  - libgcc-ng >=12
  url: https://conda.anaconda.org/conda-forge/linux-64/ncurses-6.4-h59595ed_2.conda
  hash:
    md5: 7dbaa197d7ba6032caf7ae7f32c1efa0
    sha256: 91cc03f14caf96243cead96c76fe91ab5925a695d892e83285461fb927dece5e
  build: h59595ed_2
  arch: x86_64
  subdir: linux-64
  build_number: 2
  license: X11 AND BSD-3-Clause
  size: 884434
  timestamp: 1698751260967
- platform: linux-64
  name: numpy
  version: 1.26.0
  category: main
  manager: conda
  dependencies:
  - libblas >=3.9.0,<4.0a0
  - libcblas >=3.9.0,<4.0a0
  - libgcc-ng >=12
  - liblapack >=3.9.0,<4.0a0
  - libstdcxx-ng >=12
  - python >=3.12.0rc3,<3.13.0a0
  - python_abi 3.12.* *_cp312
  url: https://conda.anaconda.org/conda-forge/linux-64/numpy-1.26.0-py312heda63a1_0.conda
  hash:
    md5: 9b4f35e4d83e2a8b17868b65beb438d9
    sha256: 83c8770959c096639973dd91dae7001adf8ec4cea374c125388c22314e92cf3a
  build: py312heda63a1_0
  arch: x86_64
  subdir: linux-64
  build_number: 0
  constrains:
  - numpy-base <0a0
  license: BSD-3-Clause
  license_family: BSD
  size: 7452952
  timestamp: 1695291296202
- platform: linux-64
  name: openssl
  version: 3.1.4
  category: main
  manager: conda
  dependencies:
  - ca-certificates
  - libgcc-ng >=12
  url: https://conda.anaconda.org/conda-forge/linux-64/openssl-3.1.4-hd590300_0.conda
  hash:
    md5: 412ba6938c3e2abaca8b1129ea82e238
    sha256: d15b3e83ce66c6f6fbb4707f2f5c53337124c01fb03bfda1cf25c5b41123efc7
  build: hd590300_0
  arch: x86_64
  subdir: linux-64
  build_number: 0
  constrains:
  - pyopenssl >=22.1
  license: Apache-2.0
  license_family: Apache
  size: 2648006
  timestamp: 1698164814626
- platform: linux-64
  name: pandas
  version: 2.1.3
  category: main
  manager: conda
  dependencies:
  - libgcc-ng >=12
  - libstdcxx-ng >=12
  - numpy >=1.26.0,<2.0a0
  - python >=3.12,<3.13.0a0
  - python-dateutil >=2.8.1
  - python-tzdata >=2022a
  - python_abi 3.12.* *_cp312
  - pytz >=2020.1
  url: https://conda.anaconda.org/conda-forge/linux-64/pandas-2.1.3-py312hfb8ada1_0.conda
  hash:
    md5: ef74af58f348d62a35c58e82aef5f868
    sha256: 9dbdcf22a8e85b5c1794e3ccba46c3c8d18a3e985da05a84387fe8f98f4a0124
  build: py312hfb8ada1_0
  arch: x86_64
  subdir: linux-64
  build_number: 0
  license: BSD-3-Clause
  license_family: BSD
  size: 14692219
  timestamp: 1699670548374
- platform: linux-64
  name: python
  version: 3.12.0
  category: main
  manager: conda
  dependencies:
  - bzip2 >=1.0.8,<2.0a0
  - ld_impl_linux-64 >=2.36.1
  - libexpat >=2.5.0,<3.0a0
  - libffi >=3.4,<4.0a0
  - libgcc-ng >=12
  - libnsl >=2.0.0,<2.1.0a0
  - libsqlite >=3.43.0,<4.0a0
  - libuuid >=2.38.1,<3.0a0
  - libzlib >=1.2.13,<1.3.0a0
  - ncurses >=6.4,<7.0a0
  - openssl >=3.1.3,<4.0a0
  - readline >=8.2,<9.0a0
  - tk >=8.6.13,<8.7.0a0
  - tzdata
  - xz >=5.2.6,<6.0a0
  url: https://conda.anaconda.org/conda-forge/linux-64/python-3.12.0-hab00c5b_0_cpython.conda
  hash:
    md5: 7f97faab5bebcc2580f4f299285323da
    sha256: 5398ebae6a1ccbfd3f76361eac75f3ac071527a8072627c4bf9008c689034f48
  build: hab00c5b_0_cpython
  arch: x86_64
  subdir: linux-64
  build_number: 0
  constrains:
  - python_abi 3.12.* *_cp312
  license: Python-2.0
  size: 32123473
  timestamp: 1696324522323
- platform: linux-64
  name: python-dateutil
  version: 2.8.2
  category: main
  manager: conda
  dependencies:
  - python >=3.6
  - six >=1.5
  url: https://conda.anaconda.org/conda-forge/noarch/python-dateutil-2.8.2-pyhd8ed1ab_0.tar.bz2
  hash:
    md5: dd999d1cc9f79e67dbb855c8924c7984
    sha256: 54d7785c7678166aa45adeaccfc1d2b8c3c799ca2dc05d4a82bb39b1968bd7da
  build: pyhd8ed1ab_0
  arch: x86_64
  subdir: linux-64
  build_number: 0
  license: Apache-2.0
  license_family: APACHE
  noarch: python
  size: 245987
  timestamp: 1626286448716
- platform: linux-64
  name: python-tzdata
  version: '2023.3'
  category: main
  manager: conda
  dependencies:
  - python >=3.6
  url: https://conda.anaconda.org/conda-forge/noarch/python-tzdata-2023.3-pyhd8ed1ab_0.conda
  hash:
    md5: 2590495f608a63625e165915fb4e2e34
    sha256: 0108888507014fb24573c31e4deceb61c99e63d37776dddcadd7c89b2ecae0b6
  build: pyhd8ed1ab_0
  arch: x86_64
  subdir: linux-64
  build_number: 0
  license: Apache-2.0
  license_family: APACHE
  noarch: python
  size: 143131
  timestamp: 1680081272948
- platform: linux-64
  name: python_abi
  version: '3.12'
  category: main
  manager: conda
  dependencies: []
  url: https://conda.anaconda.org/conda-forge/linux-64/python_abi-3.12-4_cp312.conda
  hash:
    md5: dccc2d142812964fcc6abdc97b672dff
    sha256: 182a329de10a4165f6e8a3804caf751f918f6ea6176dd4e5abcdae1ed3095bf6
  build: 4_cp312
  arch: x86_64
  subdir: linux-64
  build_number: 4
  constrains:
  - python 3.12.* *_cpython
  license: BSD-3-Clause
  license_family: BSD
  size: 6385
  timestamp: 1695147396604
- platform: linux-64
  name: pytz
  version: 2023.3.post1
  category: main
  manager: conda
  dependencies:
  - python >=3.6
  url: https://conda.anaconda.org/conda-forge/noarch/pytz-2023.3.post1-pyhd8ed1ab_0.conda
  hash:
    md5: c93346b446cd08c169d843ae5fc0da97
    sha256: 6b680e63d69aaf087cd43ca765a23838723ef59b0a328799e6363eb13f52c49e
  build: pyhd8ed1ab_0
  arch: x86_64
  subdir: linux-64
  build_number: 0
  license: MIT
  license_family: MIT
  noarch: python
  size: 187454
  timestamp: 1693930444432
- platform: linux-64
  name: readline
  version: '8.2'
  category: main
  manager: conda
  dependencies:
  - libgcc-ng >=12
  - ncurses >=6.3,<7.0a0
  url: https://conda.anaconda.org/conda-forge/linux-64/readline-8.2-h8228510_1.conda
  hash:
    md5: 47d31b792659ce70f470b5c82fdfb7a4
    sha256: 5435cf39d039387fbdc977b0a762357ea909a7694d9528ab40f005e9208744d7
  build: h8228510_1
  arch: x86_64
  subdir: linux-64
  build_number: 1
  license: GPL-3.0-only
  license_family: GPL
  size: 281456
  timestamp: 1679532220005
- platform: linux-64
  name: scikit-learn
  version: 1.3.2
  category: main
  manager: conda
  dependencies:
  - _openmp_mutex >=4.5
  - joblib >=1.1.1
  - libgcc-ng >=12
  - libstdcxx-ng >=12
  - numpy >=1.26.0,<2.0a0
  - python >=3.12,<3.13.0a0
  - python_abi 3.12.* *_cp312
  - scipy
  - threadpoolctl >=2.0.0
  url: https://conda.anaconda.org/conda-forge/linux-64/scikit-learn-1.3.2-py312h394d371_1.conda
  hash:
    md5: 2eefaf33e0b88b81c470ef13e8846b12
    sha256: d322f190ee65842c36b7d67f14bc1bd5e96a6bbbc9ad98fd4185127b5dcb9db8
  build: py312h394d371_1
  arch: x86_64
  subdir: linux-64
  build_number: 1
  license: BSD-3-Clause
  license_family: BSD
  size: 9472762
  timestamp: 1698225320408
- platform: linux-64
  name: scipy
  version: 1.11.3
  category: main
  manager: conda
  dependencies:
  - libblas >=3.9.0,<4.0a0
  - libcblas >=3.9.0,<4.0a0
  - libgcc-ng >=12
  - libgfortran-ng
  - libgfortran5 >=12.3.0
  - liblapack >=3.9.0,<4.0a0
  - libstdcxx-ng >=12
  - numpy >=1.26.0,<1.28
  - numpy >=1.26.0,<2.0a0
  - python >=3.12,<3.13.0a0
  - python_abi 3.12.* *_cp312
  url: https://conda.anaconda.org/conda-forge/linux-64/scipy-1.11.3-py312heda63a1_1.conda
  hash:
    md5: c89108be4deb842ced096623aa932fd0
    sha256: f913f07ce861be04e05097fe962682d43fdc891f069f24fc2a2d7f916d849225
  build: py312heda63a1_1
  arch: x86_64
  subdir: linux-64
  build_number: 1
  license: BSD-3-Clause
  license_family: BSD
  size: 15961550
  timestamp: 1696468446611
- platform: linux-64
  name: setuptools
  version: 68.2.2
  category: main
  manager: conda
  dependencies:
  - python >=3.7
  url: https://conda.anaconda.org/conda-forge/noarch/setuptools-68.2.2-pyhd8ed1ab_0.conda
  hash:
    md5: fc2166155db840c634a1291a5c35a709
    sha256: 851901b1f8f2049edb36a675f0c3f9a98e1495ef4eb214761b048c6f696a06f7
  build: pyhd8ed1ab_0
  arch: x86_64
  subdir: linux-64
  build_number: 0
  license: MIT
  license_family: MIT
  noarch: python
  size: 464399
  timestamp: 1694548452441
- platform: linux-64
  name: six
  version: 1.16.0
  category: main
  manager: conda
  dependencies:
  - python
  url: https://conda.anaconda.org/conda-forge/noarch/six-1.16.0-pyh6c4a22f_0.tar.bz2
  hash:
    md5: e5f25f8dbc060e9a8d912e432202afc2
    sha256: a85c38227b446f42c5b90d9b642f2c0567880c15d72492d8da074a59c8f91dd6
  build: pyh6c4a22f_0
  arch: x86_64
  subdir: linux-64
  build_number: 0
  license: MIT
  license_family: MIT
  noarch: python
  size: 14259
  timestamp: 1620240338595
- platform: linux-64
  name: threadpoolctl
  version: 3.2.0
  category: main
  manager: conda
  dependencies:
  - python >=3.8
  url: https://conda.anaconda.org/conda-forge/noarch/threadpoolctl-3.2.0-pyha21a80b_0.conda
  hash:
    md5: 978d03388b62173b8e6f79162cf52b86
    sha256: 15e2f916fbfe3cc480160aa99eb6ba3edc183fceb234f10151d63870fdc4eccd
  build: pyha21a80b_0
  arch: x86_64
  subdir: linux-64
  build_number: 0
  license: BSD-3-Clause
  license_family: BSD
  noarch: python
  size: 20981
  timestamp: 1689261378222
- platform: linux-64
  name: tk
  version: 8.6.13
  category: main
  manager: conda
  dependencies:
  - libgcc-ng >=12
  - libzlib >=1.2.13,<1.3.0a0
  url: https://conda.anaconda.org/conda-forge/linux-64/tk-8.6.13-noxft_h4845f30_101.conda
  hash:
    md5: d453b98d9c83e71da0741bb0ff4d76bc
    sha256: e0569c9caa68bf476bead1bed3d79650bb080b532c64a4af7d8ca286c08dea4e
  build: noxft_h4845f30_101
  arch: x86_64
  subdir: linux-64
  build_number: 101
  license: TCL
  license_family: BSD
  size: 3318875
  timestamp: 1699202167581
- platform: linux-64
  name: tzdata
  version: 2023c
  category: main
  manager: conda
  dependencies: []
  url: https://conda.anaconda.org/conda-forge/noarch/tzdata-2023c-h71feb2d_0.conda
  hash:
    md5: 939e3e74d8be4dac89ce83b20de2492a
    sha256: 0449138224adfa125b220154408419ec37c06b0b49f63c5954724325903ecf55
  build: h71feb2d_0
  arch: x86_64
  subdir: linux-64
  build_number: 0
  license: LicenseRef-Public-Domain
  noarch: generic
  size: 117580
  timestamp: 1680041306008
- platform: linux-64
  name: xz
  version: 5.2.6
  category: main
  manager: conda
  dependencies:
  - libgcc-ng >=12
  url: https://conda.anaconda.org/conda-forge/linux-64/xz-5.2.6-h166bdaf_0.tar.bz2
  hash:
    md5: 2161070d867d1b1204ea749c8eec4ef0
    sha256: 03a6d28ded42af8a347345f82f3eebdd6807a08526d47899a42d62d319609162
  build: h166bdaf_0
  arch: x86_64
  subdir: linux-64
  build_number: 0
  license: LGPL-2.1 and GPL-2.0
  size: 418368
  timestamp: 1660346797927
