#
# This lock file should satisfy the accompanying pixi.toml file.
# Regression for the review comment on #6505: each named platform's locked
# `my-dep` comes from its own `[target.<selector>.pypi-options.index-url]`,
# not the other's.

version: 7
platforms:
  - name: variant-cuda
    subdir: win-64
  - name: variant-cpu
    subdir: win-64
environments:
  default:
    channels:
      - url: https://conda.anaconda.org/conda-forge/
    # The environment-level union keeps the last-declared target's index-url
    # as primary and folds the other target's into extras (order: primary,
    # then extras) -- see `PypiOptions::overlay_union_indexes`.
    indexes:
      - https://cpu.example.com/simple
      - https://cuda.example.com/simple
    packages:
      variant-cuda:
        - conda: https://conda.anaconda.org/conda-forge/win-64/python-3.12.3-h2628c8c_0_cpython.conda
        - pypi: https://cuda.example.com/simple/packages/my_dep-1.0.0-py3-none-any.whl
      variant-cpu:
        - conda: https://conda.anaconda.org/conda-forge/win-64/python-3.12.3-h2628c8c_0_cpython.conda
        - pypi: https://cpu.example.com/simple/packages/my_dep-1.0.0-py3-none-any.whl
packages:
  - conda: https://conda.anaconda.org/conda-forge/win-64/python-3.12.3-h2628c8c_0_cpython.conda
    sha256: 1a95494abe572a8819c933f978df89f00bde72ea9432d46a70632599e8029ea4
    md5: f07c8c5dd98767f9a652de5d039b284e
    # Faked to be empty to reduce the size of the example
    depends: []
  - pypi: https://cuda.example.com/simple/packages/my_dep-1.0.0-py3-none-any.whl
    name: my-dep
    version: 1.0.0
    sha256: 0000000000000000000000000000000000000000000000000000000000000000
    index: https://cuda.example.com/simple
  - pypi: https://cpu.example.com/simple/packages/my_dep-1.0.0-py3-none-any.whl
    name: my-dep
    version: 1.0.0
    sha256: 0000000000000000000000000000000000000000000000000000000000000001
    index: https://cpu.example.com/simple
